// !$*UTF8*$!
{
	archiveVersion = 1;
	classes = {
	};
	objectVersion = 46;
	objects = {

/* Begin PBXBuildFile section */
		18100C1016AE26640093D3D4 /* Skins in Resources */ = {isa = PBXBuildFile; fileRef = 18100C0F16AE26640093D3D4 /* Skins */; };
		18100C1516AE27520093D3D4 /* ThemeManager.m in Sources */ = {isa = PBXBuildFile; fileRef = 18100C1416AE27520093D3D4 /* ThemeManager.m */; };
		18100C1716AE27790093D3D4 /* theme.plist in Resources */ = {isa = PBXBuildFile; fileRef = 18100C1616AE27790093D3D4 /* theme.plist */; };
		18100C1A16AE2EE80093D3D4 /* ThemeButton.m in Sources */ = {isa = PBXBuildFile; fileRef = 18100C1916AE2EE80093D3D4 /* ThemeButton.m */; };
		18100C1E16AE3BBE0093D3D4 /* ThemeViewController.m in Sources */ = {isa = PBXBuildFile; fileRef = 18100C1C16AE3BBE0093D3D4 /* ThemeViewController.m */; };
		18100C1F16AE3BBE0093D3D4 /* ThemeViewController.xib in Resources */ = {isa = PBXBuildFile; fileRef = 18100C1D16AE3BBE0093D3D4 /* ThemeViewController.xib */; };
		18100C2216AE43A30093D3D4 /* UIFactory.m in Sources */ = {isa = PBXBuildFile; fileRef = 18100C2116AE43A30093D3D4 /* UIFactory.m */; };
		18100C2516AE684C0093D3D4 /* navigationbar_back.png in Resources */ = {isa = PBXBuildFile; fileRef = 18100C2316AE684C0093D3D4 /* navigationbar_back.png */; };
		18100C2616AE684C0093D3D4 /* navigationbar_back@2x.png in Resources */ = {isa = PBXBuildFile; fileRef = 18100C2416AE684C0093D3D4 /* navigationbar_back@2x.png */; };
		18100C2916AE694C0093D3D4 /* navigationbar_back_highlighted.png in Resources */ = {isa = PBXBuildFile; fileRef = 18100C2716AE694B0093D3D4 /* navigationbar_back_highlighted.png */; };
		18100C2A16AE694C0093D3D4 /* navigationbar_back_highlighted@2x.png in Resources */ = {isa = PBXBuildFile; fileRef = 18100C2816AE694B0093D3D4 /* navigationbar_back_highlighted@2x.png */; };
		18100C2D16AE6CD90093D3D4 /* ThemeImageView.m in Sources */ = {isa = PBXBuildFile; fileRef = 18100C2C16AE6CD80093D3D4 /* ThemeImageView.m */; };
		18100C3216AE779A0093D3D4 /* ThemeLabel.m in Sources */ = {isa = PBXBuildFile; fileRef = 18100C3116AE77990093D3D4 /* ThemeLabel.m */; };
		18100C3416AE84C80093D3D4 /* fontColor.plist in Resources */ = {isa = PBXBuildFile; fileRef = 18100C3316AE84C70093D3D4 /* fontColor.plist */; };
		18100C3716AE8D240093D3D4 /* WeiboModel.m in Sources */ = {isa = PBXBuildFile; fileRef = 18100C3616AE8D240093D3D4 /* WeiboModel.m */; };
		18100C3A16AE8F850093D3D4 /* UserModel.m in Sources */ = {isa = PBXBuildFile; fileRef = 18100C3916AE8F850093D3D4 /* UserModel.m */; };
		18100C4216AEA3AA0093D3D4 /* timeline_new_status_background@2x.png in Resources */ = {isa = PBXBuildFile; fileRef = 18100C4016AEA3A90093D3D4 /* timeline_new_status_background@2x.png */; };
		18100C4316AEA3AA0093D3D4 /* timeline_new_status_background.png in Resources */ = {isa = PBXBuildFile; fileRef = 18100C4116AEA3AA0093D3D4 /* timeline_new_status_background.png */; };
		184F931C16AF807E009359AB /* WeiboCell.m in Sources */ = {isa = PBXBuildFile; fileRef = 184F931B16AF807E009359AB /* WeiboCell.m */; };
		184F932016AF8095009359AB /* WeiboView.m in Sources */ = {isa = PBXBuildFile; fileRef = 184F931F16AF8095009359AB /* WeiboView.m */; };
		188BEFC216AD1968006A2602 /* UIKit.framework in Frameworks */ = {isa = PBXBuildFile; fileRef = 188BEFC116AD1968006A2602 /* UIKit.framework */; };
		188BEFC416AD1968006A2602 /* Foundation.framework in Frameworks */ = {isa = PBXBuildFile; fileRef = 188BEFC316AD1968006A2602 /* Foundation.framework */; };
		188BEFC616AD1968006A2602 /* CoreGraphics.framework in Frameworks */ = {isa = PBXBuildFile; fileRef = 188BEFC516AD1968006A2602 /* CoreGraphics.framework */; };
		188BEFCC16AD1968006A2602 /* InfoPlist.strings in Resources */ = {isa = PBXBuildFile; fileRef = 188BEFCA16AD1968006A2602 /* InfoPlist.strings */; };
		188BEFCE16AD1968006A2602 /* main.m in Sources */ = {isa = PBXBuildFile; fileRef = 188BEFCD16AD1968006A2602 /* main.m */; };
		188BEFD216AD1968006A2602 /* AppDelegate.m in Sources */ = {isa = PBXBuildFile; fileRef = 188BEFD116AD1968006A2602 /* AppDelegate.m */; };
		188BEFD416AD1968006A2602 /* Default.png in Resources */ = {isa = PBXBuildFile; fileRef = 188BEFD316AD1968006A2602 /* Default.png */; };
		188BEFD616AD1968006A2602 /* Default@2x.png in Resources */ = {isa = PBXBuildFile; fileRef = 188BEFD516AD1968006A2602 /* Default@2x.png */; };
		188BEFD816AD1969006A2602 /* Default-568h@2x.png in Resources */ = {isa = PBXBuildFile; fileRef = 188BEFD716AD1969006A2602 /* Default-568h@2x.png */; };
		188BEFE116AD19BE006A2602 /* UIViewExt.m in Sources */ = {isa = PBXBuildFile; fileRef = 188BEFE016AD19BE006A2602 /* UIViewExt.m */; };
		188BEFE416AD1A0B006A2602 /* UIUtils.m in Sources */ = {isa = PBXBuildFile; fileRef = 188BEFE316AD1A0B006A2602 /* UIUtils.m */; };
		188BEFE816AD1A61006A2602 /* WXBaseModel.m in Sources */ = {isa = PBXBuildFile; fileRef = 188BEFE716AD1A61006A2602 /* WXBaseModel.m */; };
		188BEFEB16AD1A78006A2602 /* WXHLGlobalUICommon.m in Sources */ = {isa = PBXBuildFile; fileRef = 188BEFEA16AD1A78006A2602 /* WXHLGlobalUICommon.m */; };
		188BF00E16AD1B80006A2602 /* SDImageCache.m in Sources */ = {isa = PBXBuildFile; fileRef = 188BF00316AD1B80006A2602 /* SDImageCache.m */; };
		188BF00F16AD1B80006A2602 /* SDWebImageDownloader.m in Sources */ = {isa = PBXBuildFile; fileRef = 188BF00716AD1B80006A2602 /* SDWebImageDownloader.m */; };
		188BF01016AD1B80006A2602 /* SDWebImageManager.m in Sources */ = {isa = PBXBuildFile; fileRef = 188BF00A16AD1B80006A2602 /* SDWebImageManager.m */; };
		188BF01116AD1B80006A2602 /* UIImageView+WebCache.m in Sources */ = {isa = PBXBuildFile; fileRef = 188BF00D16AD1B80006A2602 /* UIImageView+WebCache.m */; };
		188BF01516AD1BE6006A2602 /* RTLabel.m in Sources */ = {isa = PBXBuildFile; fileRef = 188BF01416AD1BE6006A2602 /* RTLabel.m */; };
		188BF01916AD1C0F006A2602 /* DDMenuController.m in Sources */ = {isa = PBXBuildFile; fileRef = 188BF01816AD1C0F006A2602 /* DDMenuController.m */; };
		188BF01C16AD1C3A006A2602 /* CustomCatagory.m in Sources */ = {isa = PBXBuildFile; fileRef = 188BF01B16AD1C3A006A2602 /* CustomCatagory.m */; };
		188BF01E16AD1CDC006A2602 /* QuartzCore.framework in Frameworks */ = {isa = PBXBuildFile; fileRef = 188BF01D16AD1CDC006A2602 /* QuartzCore.framework */; };
		188BF02016AD1D5E006A2602 /* CoreText.framework in Frameworks */ = {isa = PBXBuildFile; fileRef = 188BF01F16AD1D5E006A2602 /* CoreText.framework */; };
		188BF02316AD1F1D006A2602 /* MainViewController.m in Sources */ = {isa = PBXBuildFile; fileRef = 188BF02216AD1F1D006A2602 /* MainViewController.m */; };
		188BF02716AD1FAC006A2602 /* BaseViewController.m in Sources */ = {isa = PBXBuildFile; fileRef = 188BF02616AD1FAC006A2602 /* BaseViewController.m */; };
		188BF02A16AD2013006A2602 /* BaseNavigationController.m in Sources */ = {isa = PBXBuildFile; fileRef = 188BF02916AD2013006A2602 /* BaseNavigationController.m */; };
		188BF03316AD215A006A2602 /* HomeViewController.m in Sources */ = {isa = PBXBuildFile; fileRef = 188BF03116AD215A006A2602 /* HomeViewController.m */; };
		188BF03416AD215A006A2602 /* HomeViewController.xib in Resources */ = {isa = PBXBuildFile; fileRef = 188BF03216AD215A006A2602 /* HomeViewController.xib */; };
		188BF03816AD21CF006A2602 /* MessageViewController.m in Sources */ = {isa = PBXBuildFile; fileRef = 188BF03616AD21CF006A2602 /* MessageViewController.m */; };
		188BF03916AD21CF006A2602 /* MessageViewController.xib in Resources */ = {isa = PBXBuildFile; fileRef = 188BF03716AD21CF006A2602 /* MessageViewController.xib */; };
		188BF03D16AD21FE006A2602 /* ProfileViewController.m in Sources */ = {isa = PBXBuildFile; fileRef = 188BF03B16AD21FE006A2602 /* ProfileViewController.m */; };
		188BF03E16AD21FE006A2602 /* ProfileViewController.xib in Resources */ = {isa = PBXBuildFile; fileRef = 188BF03C16AD21FE006A2602 /* ProfileViewController.xib */; };
		188BF04216AD224C006A2602 /* DiscoverViewController.m in Sources */ = {isa = PBXBuildFile; fileRef = 188BF04016AD224C006A2602 /* DiscoverViewController.m */; };
		188BF04316AD224C006A2602 /* DiscoverViewController.xib in Resources */ = {isa = PBXBuildFile; fileRef = 188BF04116AD224C006A2602 /* DiscoverViewController.xib */; };
		188BF04716AD2268006A2602 /* MoreViewController.m in Sources */ = {isa = PBXBuildFile; fileRef = 188BF04516AD2268006A2602 /* MoreViewController.m */; };
		188BF04816AD2268006A2602 /* MoreViewController.xib in Resources */ = {isa = PBXBuildFile; fileRef = 188BF04616AD2268006A2602 /* MoreViewController.xib */; };
		188BF08B16AD2673006A2602 /* Default-568h@2x.png in Resources */ = {isa = PBXBuildFile; fileRef = 188BF04A16AD2673006A2602 /* Default-568h@2x.png */; };
		188BF08C16AD2673006A2602 /* Default.png in Resources */ = {isa = PBXBuildFile; fileRef = 188BF04B16AD2673006A2602 /* Default.png */; };
		188BF08D16AD2673006A2602 /* Default@2x.png in Resources */ = {isa = PBXBuildFile; fileRef = 188BF04C16AD2673006A2602 /* Default@2x.png */; };
		188BF08E16AD2673006A2602 /* discover_default.png in Resources */ = {isa = PBXBuildFile; fileRef = 188BF04D16AD2673006A2602 /* discover_default.png */; };
		188BF08F16AD2673006A2602 /* discover_default@2x.png in Resources */ = {isa = PBXBuildFile; fileRef = 188BF04E16AD2673006A2602 /* discover_default@2x.png */; };
		188BF09016AD2673006A2602 /* Icon.png in Resources */ = {isa = PBXBuildFile; fileRef = 188BF04F16AD2673006A2602 /* Icon.png */; };
		188BF09116AD2673006A2602 /* Icon@2x.png in Resources */ = {isa = PBXBuildFile; fileRef = 188BF05016AD2673006A2602 /* Icon@2x.png */; };
		188BF09216AD2673006A2602 /* icon_detail.png in Resources */ = {isa = PBXBuildFile; fileRef = 188BF05116AD2673006A2602 /* icon_detail.png */; };
		188BF09316AD2673006A2602 /* icon_detail@2x.png in Resources */ = {isa = PBXBuildFile; fileRef = 188BF05216AD2673006A2602 /* icon_detail@2x.png */; };
		188BF09416AD2673006A2602 /* main_badge.png in Resources */ = {isa = PBXBuildFile; fileRef = 188BF05316AD2673006A2602 /* main_badge.png */; };
		188BF09516AD2673006A2602 /* main_badge@2x.png in Resources */ = {isa = PBXBuildFile; fileRef = 188BF05416AD2673006A2602 /* main_badge@2x.png */; };
		188BF09616AD2673006A2602 /* msgcome.wav in Resources */ = {isa = PBXBuildFile; fileRef = 188BF05516AD2673006A2602 /* msgcome.wav */; };
		188BF09716AD2673006A2602 /* navigationbar_background.png in Resources */ = {isa = PBXBuildFile; fileRef = 188BF05616AD2673006A2602 /* navigationbar_background.png */; };
		188BF09816AD2673006A2602 /* navigationbar_background@2x.png in Resources */ = {isa = PBXBuildFile; fileRef = 188BF05716AD2673006A2602 /* navigationbar_background@2x.png */; };
		188BF09916AD2673006A2602 /* page_image_loading.png in Resources */ = {isa = PBXBuildFile; fileRef = 188BF05816AD2673006A2602 /* page_image_loading.png */; };
		188BF09A16AD2673006A2602 /* page_image_loading@2x.png in Resources */ = {isa = PBXBuildFile; fileRef = 188BF05916AD2673006A2602 /* page_image_loading@2x.png */; };
		188BF09B16AD2673006A2602 /* prlm_pull_refresh_arrow.png in Resources */ = {isa = PBXBuildFile; fileRef = 188BF05A16AD2673006A2602 /* prlm_pull_refresh_arrow.png */; };
		188BF09C16AD2673006A2602 /* prlm_pull_refresh_arrow@2x.png in Resources */ = {isa = PBXBuildFile; fileRef = 188BF05B16AD2673006A2602 /* prlm_pull_refresh_arrow@2x.png */; };
		188BF09D16AD2673006A2602 /* statusdetail_cell_sepatator.png in Resources */ = {isa = PBXBuildFile; fileRef = 188BF05C16AD2673006A2602 /* statusdetail_cell_sepatator.png */; };
		188BF09E16AD2673006A2602 /* statusdetail_cell_sepatator@2x.png in Resources */ = {isa = PBXBuildFile; fileRef = 188BF05D16AD2673006A2602 /* statusdetail_cell_sepatator@2x.png */; };
		188BF09F16AD2673006A2602 /* statusdetail_header_separator.png in Resources */ = {isa = PBXBuildFile; fileRef = 188BF05E16AD2673006A2602 /* statusdetail_header_separator.png */; };
		188BF0A016AD2673006A2602 /* statusdetail_header_separator@2x.png in Resources */ = {isa = PBXBuildFile; fileRef = 188BF05F16AD2673006A2602 /* statusdetail_header_separator@2x.png */; };
		188BF0A116AD2673006A2602 /* tabbar_home.png in Resources */ = {isa = PBXBuildFile; fileRef = 188BF06016AD2673006A2602 /* tabbar_home.png */; };
		188BF0A216AD2673006A2602 /* tabbar_home@2x.png in Resources */ = {isa = PBXBuildFile; fileRef = 188BF06116AD2673006A2602 /* tabbar_home@2x.png */; };
		188BF0A316AD2673006A2602 /* tabbar_home_highlighted.png in Resources */ = {isa = PBXBuildFile; fileRef = 188BF06216AD2673006A2602 /* tabbar_home_highlighted.png */; };
		188BF0A416AD2673006A2602 /* tabbar_home_highlighted@2x.png in Resources */ = {isa = PBXBuildFile; fileRef = 188BF06316AD2673006A2602 /* tabbar_home_highlighted@2x.png */; };
		188BF0A516AD2673006A2602 /* tabbar_home_selected.png in Resources */ = {isa = PBXBuildFile; fileRef = 188BF06416AD2673006A2602 /* tabbar_home_selected.png */; };
		188BF0A616AD2673006A2602 /* tabbar_home_selected@2x.png in Resources */ = {isa = PBXBuildFile; fileRef = 188BF06516AD2673006A2602 /* tabbar_home_selected@2x.png */; };
		188BF0A716AD2673006A2602 /* tabbar_message_center.png in Resources */ = {isa = PBXBuildFile; fileRef = 188BF06616AD2673006A2602 /* tabbar_message_center.png */; };
		188BF0A816AD2673006A2602 /* tabbar_message_center@2x.png in Resources */ = {isa = PBXBuildFile; fileRef = 188BF06716AD2673006A2602 /* tabbar_message_center@2x.png */; };
		188BF0A916AD2673006A2602 /* tabbar_message_center_highlighted.png in Resources */ = {isa = PBXBuildFile; fileRef = 188BF06816AD2673006A2602 /* tabbar_message_center_highlighted.png */; };
		188BF0AA16AD2673006A2602 /* tabbar_message_center_highlighted@2x.png in Resources */ = {isa = PBXBuildFile; fileRef = 188BF06916AD2673006A2602 /* tabbar_message_center_highlighted@2x.png */; };
		188BF0AB16AD2673006A2602 /* tabbar_message_center_selected.png in Resources */ = {isa = PBXBuildFile; fileRef = 188BF06A16AD2673006A2602 /* tabbar_message_center_selected.png */; };
		188BF0AC16AD2673006A2602 /* tabbar_message_center_selected@2x.png in Resources */ = {isa = PBXBuildFile; fileRef = 188BF06B16AD2673006A2602 /* tabbar_message_center_selected@2x.png */; };
		188BF0AD16AD2673006A2602 /* tabbar_more.png in Resources */ = {isa = PBXBuildFile; fileRef = 188BF06C16AD2673006A2602 /* tabbar_more.png */; };
		188BF0AE16AD2673006A2602 /* tabbar_more@2x.png in Resources */ = {isa = PBXBuildFile; fileRef = 188BF06D16AD2673006A2602 /* tabbar_more@2x.png */; };
		188BF0AF16AD2673006A2602 /* tabbar_more_highlighted.png in Resources */ = {isa = PBXBuildFile; fileRef = 188BF06E16AD2673006A2602 /* tabbar_more_highlighted.png */; };
		188BF0B016AD2673006A2602 /* tabbar_more_highlighted@2x.png in Resources */ = {isa = PBXBuildFile; fileRef = 188BF06F16AD2673006A2602 /* tabbar_more_highlighted@2x.png */; };
		188BF0B116AD2673006A2602 /* tabbar_more_selected.png in Resources */ = {isa = PBXBuildFile; fileRef = 188BF07016AD2673006A2602 /* tabbar_more_selected.png */; };
		188BF0B216AD2673006A2602 /* tabbar_more_selected@2x.png in Resources */ = {isa = PBXBuildFile; fileRef = 188BF07116AD2673006A2602 /* tabbar_more_selected@2x.png */; };
		188BF0B316AD2673006A2602 /* tabbar_profile.png in Resources */ = {isa = PBXBuildFile; fileRef = 188BF07216AD2673006A2602 /* tabbar_profile.png */; };
		188BF0B416AD2673006A2602 /* tabbar_profile@2x.png in Resources */ = {isa = PBXBuildFile; fileRef = 188BF07316AD2673006A2602 /* tabbar_profile@2x.png */; };
		188BF0B516AD2673006A2602 /* tabbar_profile_highlighted.png in Resources */ = {isa = PBXBuildFile; fileRef = 188BF07416AD2673006A2602 /* tabbar_profile_highlighted.png */; };
		188BF0B616AD2673006A2602 /* tabbar_profile_highlighted@2x.png in Resources */ = {isa = PBXBuildFile; fileRef = 188BF07516AD2673006A2602 /* tabbar_profile_highlighted@2x.png */; };
		188BF0B716AD2673006A2602 /* tabbar_profile_selected.png in Resources */ = {isa = PBXBuildFile; fileRef = 188BF07616AD2673006A2602 /* tabbar_profile_selected.png */; };
		188BF0B816AD2673006A2602 /* tabbar_profile_selected@2x.png in Resources */ = {isa = PBXBuildFile; fileRef = 188BF07716AD2673006A2602 /* tabbar_profile_selected@2x.png */; };
		188BF0BB16AD2673006A2602 /* tableview_pulltorefresh_arrow.png in Resources */ = {isa = PBXBuildFile; fileRef = 188BF07A16AD2673006A2602 /* tableview_pulltorefresh_arrow.png */; };
		188BF0BC16AD2673006A2602 /* tableview_pulltorefresh_arrow@2x.png in Resources */ = {isa = PBXBuildFile; fileRef = 188BF07B16AD2673006A2602 /* tableview_pulltorefresh_arrow@2x.png */; };
		188BF0BD16AD2673006A2602 /* timeline_more_button.png in Resources */ = {isa = PBXBuildFile; fileRef = 188BF07C16AD2673006A2602 /* timeline_more_button.png */; };
		188BF0BE16AD2673006A2602 /* timeline_more_button@2x.png in Resources */ = {isa = PBXBuildFile; fileRef = 188BF07D16AD2673006A2602 /* timeline_more_button@2x.png */; };
		188BF0BF16AD2673006A2602 /* timeline_more_button_selected.png in Resources */ = {isa = PBXBuildFile; fileRef = 188BF07E16AD2673006A2602 /* timeline_more_button_selected.png */; };
		188BF0C016AD2673006A2602 /* timeline_more_button_selected@2x.png in Resources */ = {isa = PBXBuildFile; fileRef = 188BF07F16AD2673006A2602 /* timeline_more_button_selected@2x.png */; };
		188BF0C116AD2673006A2602 /* timeline_retweet_background.png in Resources */ = {isa = PBXBuildFile; fileRef = 188BF08016AD2673006A2602 /* timeline_retweet_background.png */; };
		188BF0C216AD2673006A2602 /* timeline_retweet_background@2x.png in Resources */ = {isa = PBXBuildFile; fileRef = 188BF08116AD2673006A2602 /* timeline_retweet_background@2x.png */; };
		188BF0C316AD2673006A2602 /* userinfo_apps_background.png in Resources */ = {isa = PBXBuildFile; fileRef = 188BF08216AD2673006A2602 /* userinfo_apps_background.png */; };
		188BF0C416AD2673006A2602 /* userinfo_apps_background@2x.png in Resources */ = {isa = PBXBuildFile; fileRef = 188BF08316AD2673006A2602 /* userinfo_apps_background@2x.png */; };
		188BF0C516AD2673006A2602 /* userinfo_apps_background_highlighted.png in Resources */ = {isa = PBXBuildFile; fileRef = 188BF08416AD2673006A2602 /* userinfo_apps_background_highlighted.png */; };
		188BF0C616AD2673006A2602 /* userinfo_apps_background_highlighted@2x.png in Resources */ = {isa = PBXBuildFile; fileRef = 188BF08516AD2673006A2602 /* userinfo_apps_background_highlighted@2x.png */; };
		188BF0C716AD2673006A2602 /* userinfo_header_separator.png in Resources */ = {isa = PBXBuildFile; fileRef = 188BF08616AD2673006A2602 /* userinfo_header_separator.png */; };
		188BF0C816AD2673006A2602 /* userinfo_header_separator@2x.png in Resources */ = {isa = PBXBuildFile; fileRef = 188BF08716AD2673006A2602 /* userinfo_header_separator@2x.png */; };
		188BF0C916AD2673006A2602 /* 刷新.png in Resources */ = {isa = PBXBuildFile; fileRef = 188BF08816AD2673006A2602 /* 刷新.png */; };
		188BF0CA16AD2673006A2602 /* 前进.png in Resources */ = {isa = PBXBuildFile; fileRef = 188BF08916AD2673006A2602 /* 前进.png */; };
		188BF0CB16AD2673006A2602 /* 后退.png in Resources */ = {isa = PBXBuildFile; fileRef = 188BF08A16AD2673006A2602 /* 后退.png */; };
		188BF0D216AD2AC3006A2602 /* tabbar_discover_highlighted.png in Resources */ = {isa = PBXBuildFile; fileRef = 188BF0CC16AD2ABD006A2602 /* tabbar_discover_highlighted.png */; };
		188BF0D316AD2AC3006A2602 /* tabbar_discover_highlighted@2x.png in Resources */ = {isa = PBXBuildFile; fileRef = 188BF0CD16AD2ABE006A2602 /* tabbar_discover_highlighted@2x.png */; };
		188BF0D416AD2AC3006A2602 /* tabbar_discover_selected.png in Resources */ = {isa = PBXBuildFile; fileRef = 188BF0CE16AD2ABF006A2602 /* tabbar_discover_selected.png */; };
		188BF0D516AD2AC3006A2602 /* tabbar_discover_selected@2x.png in Resources */ = {isa = PBXBuildFile; fileRef = 188BF0CF16AD2AC0006A2602 /* tabbar_discover_selected@2x.png */; };
		188BF0D616AD2AC3006A2602 /* tabbar_discover.png in Resources */ = {isa = PBXBuildFile; fileRef = 188BF0D016AD2AC0006A2602 /* tabbar_discover.png */; };
		188BF0D716AD2AC3006A2602 /* tabbar_discover@2x.png in Resources */ = {isa = PBXBuildFile; fileRef = 188BF0D116AD2AC2006A2602 /* tabbar_discover@2x.png */; };
		188BF0DA16AD2D60006A2602 /* tabbar_background.png in Resources */ = {isa = PBXBuildFile; fileRef = 188BF0D816AD2D5E006A2602 /* tabbar_background.png */; };
		188BF0DB16AD2D60006A2602 /* tabbar_background@2x.png in Resources */ = {isa = PBXBuildFile; fileRef = 188BF0D916AD2D5F006A2602 /* tabbar_background@2x.png */; };
		188BF0DF16AD3375006A2602 /* LeftViewController.m in Sources */ = {isa = PBXBuildFile; fileRef = 188BF0DD16AD3375006A2602 /* LeftViewController.m */; };
		188BF0E016AD3375006A2602 /* LeftViewController.xib in Resources */ = {isa = PBXBuildFile; fileRef = 188BF0DE16AD3375006A2602 /* LeftViewController.xib */; };
		188BF0E416AD338D006A2602 /* RightViewController.m in Sources */ = {isa = PBXBuildFile; fileRef = 188BF0E216AD338D006A2602 /* RightViewController.m */; };
		188BF0E516AD338D006A2602 /* RightViewController.xib in Resources */ = {isa = PBXBuildFile; fileRef = 188BF0E316AD338D006A2602 /* RightViewController.xib */; };
		188BF0F716AD3CB3006A2602 /* JSONKit.m in Sources */ = {isa = PBXBuildFile; fileRef = 188BF0ED16AD3CB3006A2602 /* JSONKit.m */; };
		188BF0F816AD3CB3006A2602 /* SinaWeibo.bundle in Resources */ = {isa = PBXBuildFile; fileRef = 188BF0EF16AD3CB3006A2602 /* SinaWeibo.bundle */; };
		188BF0F916AD3CB3006A2602 /* SinaWeibo.m in Sources */ = {isa = PBXBuildFile; fileRef = 188BF0F116AD3CB3006A2602 /* SinaWeibo.m */; };
		188BF0FA16AD3CB3006A2602 /* SinaWeiboAuthorizeView.m in Sources */ = {isa = PBXBuildFile; fileRef = 188BF0F316AD3CB3006A2602 /* SinaWeiboAuthorizeView.m */; };
		188BF0FB16AD3CB3006A2602 /* SinaWeiboRequest.m in Sources */ = {isa = PBXBuildFile; fileRef = 188BF0F616AD3CB3006A2602 /* SinaWeiboRequest.m */; };
		C81377BE17519CD700A85FA7 /* BaseTableView.m in Sources */ = {isa = PBXBuildFile; fileRef = C81377BD17519CD700A85FA7 /* BaseTableView.m */; };
		C81377C917519D4B00A85FA7 /* blackArrow.png in Resources */ = {isa = PBXBuildFile; fileRef = C81377C117519D4B00A85FA7 /* blackArrow.png */; };
		C81377CA17519D4B00A85FA7 /* blackArrow@2x.png in Resources */ = {isa = PBXBuildFile; fileRef = C81377C217519D4B00A85FA7 /* blackArrow@2x.png */; };
		C81377CB17519D4B00A85FA7 /* blueArrow.png in Resources */ = {isa = PBXBuildFile; fileRef = C81377C317519D4B00A85FA7 /* blueArrow.png */; };
		C81377CC17519D4B00A85FA7 /* blueArrow@2x.png in Resources */ = {isa = PBXBuildFile; fileRef = C81377C417519D4B00A85FA7 /* blueArrow@2x.png */; };
		C81377CD17519D4B00A85FA7 /* EGORefreshTableHeaderView.m in Sources */ = {isa = PBXBuildFile; fileRef = C81377C617519D4B00A85FA7 /* EGORefreshTableHeaderView.m */; };
		C81377CE17519D4B00A85FA7 /* grayArrow.png in Resources */ = {isa = PBXBuildFile; fileRef = C81377C717519D4B00A85FA7 /* grayArrow.png */; };
		C81377CF17519D4B00A85FA7 /* grayArrow@2x.png in Resources */ = {isa = PBXBuildFile; fileRef = C81377C817519D4B00A85FA7 /* grayArrow@2x.png */; };
		C81A96B61754FC990016EBB9 /* AudioToolbox.framework in Frameworks */ = {isa = PBXBuildFile; fileRef = C81A96B51754FC990016EBB9 /* AudioToolbox.framework */; };
		C83B33C8174FAD5800B61742 /* NSString+URLEncoding.m in Sources */ = {isa = PBXBuildFile; fileRef = C83B33C7174FAD5800B61742 /* NSString+URLEncoding.m */; };
		C864B7FB1751A2B600E3DD1D /* WeiboTableView.m in Sources */ = {isa = PBXBuildFile; fileRef = C864B7FA1751A2B600E3DD1D /* WeiboTableView.m */; };
		C8AC08A0174F7B4C009D49FF /* libicucore.dylib in Frameworks */ = {isa = PBXBuildFile; fileRef = C8AC089F174F7B4C009D49FF /* libicucore.dylib */; };
		C8AC08A6174F7B7E009D49FF /* RegexKitLite.html in Resources */ = {isa = PBXBuildFile; fileRef = C8AC08A4174F7B7E009D49FF /* RegexKitLite.html */; };
		C8AC08A7174F7B7E009D49FF /* RegexKitLite.m in Sources */ = {isa = PBXBuildFile; fileRef = C8AC08A5174F7B7E009D49FF /* RegexKitLite.m */; };
/* End PBXBuildFile section */

/* Begin PBXFileReference section */
		18100C0F16AE26640093D3D4 /* Skins */ = {isa = PBXFileReference; lastKnownFileType = folder; path = Skins; sourceTree = "<group>"; };
		18100C1316AE27520093D3D4 /* ThemeManager.h */ = {isa = PBXFileReference; fileEncoding = 4; lastKnownFileType = sourcecode.c.h; path = ThemeManager.h; sourceTree = "<group>"; };
		18100C1416AE27520093D3D4 /* ThemeManager.m */ = {isa = PBXFileReference; fileEncoding = 4; lastKnownFileType = sourcecode.c.objc; path = ThemeManager.m; sourceTree = "<group>"; };
		18100C1616AE27790093D3D4 /* theme.plist */ = {isa = PBXFileReference; fileEncoding = 4; lastKnownFileType = text.plist.xml; path = theme.plist; sourceTree = "<group>"; };
		18100C1816AE2EE80093D3D4 /* ThemeButton.h */ = {isa = PBXFileReference; fileEncoding = 4; lastKnownFileType = sourcecode.c.h; path = ThemeButton.h; sourceTree = "<group>"; };
		18100C1916AE2EE80093D3D4 /* ThemeButton.m */ = {isa = PBXFileReference; fileEncoding = 4; lastKnownFileType = sourcecode.c.objc; path = ThemeButton.m; sourceTree = "<group>"; };
		18100C1B16AE3BBE0093D3D4 /* ThemeViewController.h */ = {isa = PBXFileReference; fileEncoding = 4; lastKnownFileType = sourcecode.c.h; path = ThemeViewController.h; sourceTree = "<group>"; };
		18100C1C16AE3BBE0093D3D4 /* ThemeViewController.m */ = {isa = PBXFileReference; fileEncoding = 4; lastKnownFileType = sourcecode.c.objc; path = ThemeViewController.m; sourceTree = "<group>"; };
		18100C1D16AE3BBE0093D3D4 /* ThemeViewController.xib */ = {isa = PBXFileReference; fileEncoding = 4; lastKnownFileType = file.xib; path = ThemeViewController.xib; sourceTree = "<group>"; };
		18100C2016AE43A30093D3D4 /* UIFactory.h */ = {isa = PBXFileReference; fileEncoding = 4; lastKnownFileType = sourcecode.c.h; path = UIFactory.h; sourceTree = "<group>"; };
		18100C2116AE43A30093D3D4 /* UIFactory.m */ = {isa = PBXFileReference; fileEncoding = 4; lastKnownFileType = sourcecode.c.objc; path = UIFactory.m; sourceTree = "<group>"; };
		18100C2316AE684C0093D3D4 /* navigationbar_back.png */ = {isa = PBXFileReference; lastKnownFileType = image.png; path = navigationbar_back.png; sourceTree = "<group>"; };
		18100C2416AE684C0093D3D4 /* navigationbar_back@2x.png */ = {isa = PBXFileReference; lastKnownFileType = image.png; path = "navigationbar_back@2x.png"; sourceTree = "<group>"; };
		18100C2716AE694B0093D3D4 /* navigationbar_back_highlighted.png */ = {isa = PBXFileReference; lastKnownFileType = image.png; path = navigationbar_back_highlighted.png; sourceTree = "<group>"; };
		18100C2816AE694B0093D3D4 /* navigationbar_back_highlighted@2x.png */ = {isa = PBXFileReference; lastKnownFileType = image.png; path = "navigationbar_back_highlighted@2x.png"; sourceTree = "<group>"; };
		18100C2B16AE6CD80093D3D4 /* ThemeImageView.h */ = {isa = PBXFileReference; fileEncoding = 4; lastKnownFileType = sourcecode.c.h; path = ThemeImageView.h; sourceTree = "<group>"; };
		18100C2C16AE6CD80093D3D4 /* ThemeImageView.m */ = {isa = PBXFileReference; fileEncoding = 4; lastKnownFileType = sourcecode.c.objc; path = ThemeImageView.m; sourceTree = "<group>"; };
		18100C3016AE77990093D3D4 /* ThemeLabel.h */ = {isa = PBXFileReference; fileEncoding = 4; lastKnownFileType = sourcecode.c.h; path = ThemeLabel.h; sourceTree = "<group>"; };
		18100C3116AE77990093D3D4 /* ThemeLabel.m */ = {isa = PBXFileReference; fileEncoding = 4; lastKnownFileType = sourcecode.c.objc; path = ThemeLabel.m; sourceTree = "<group>"; };
		18100C3316AE84C70093D3D4 /* fontColor.plist */ = {isa = PBXFileReference; fileEncoding = 4; lastKnownFileType = text.plist.xml; path = fontColor.plist; sourceTree = "<group>"; };
		18100C3516AE8D240093D3D4 /* WeiboModel.h */ = {isa = PBXFileReference; fileEncoding = 4; lastKnownFileType = sourcecode.c.h; path = WeiboModel.h; sourceTree = "<group>"; };
		18100C3616AE8D240093D3D4 /* WeiboModel.m */ = {isa = PBXFileReference; fileEncoding = 4; lastKnownFileType = sourcecode.c.objc; path = WeiboModel.m; sourceTree = "<group>"; };
		18100C3816AE8F850093D3D4 /* UserModel.h */ = {isa = PBXFileReference; fileEncoding = 4; lastKnownFileType = sourcecode.c.h; path = UserModel.h; sourceTree = "<group>"; };
		18100C3916AE8F850093D3D4 /* UserModel.m */ = {isa = PBXFileReference; fileEncoding = 4; lastKnownFileType = sourcecode.c.objc; path = UserModel.m; sourceTree = "<group>"; };
		18100C4016AEA3A90093D3D4 /* timeline_new_status_background@2x.png */ = {isa = PBXFileReference; lastKnownFileType = image.png; path = "timeline_new_status_background@2x.png"; sourceTree = "<group>"; };
		18100C4116AEA3AA0093D3D4 /* timeline_new_status_background.png */ = {isa = PBXFileReference; lastKnownFileType = image.png; path = timeline_new_status_background.png; sourceTree = "<group>"; };
		184F931A16AF807E009359AB /* WeiboCell.h */ = {isa = PBXFileReference; fileEncoding = 4; lastKnownFileType = sourcecode.c.h; path = WeiboCell.h; sourceTree = "<group>"; };
		184F931B16AF807E009359AB /* WeiboCell.m */ = {isa = PBXFileReference; fileEncoding = 4; lastKnownFileType = sourcecode.c.objc; path = WeiboCell.m; sourceTree = "<group>"; };
		184F931E16AF8095009359AB /* WeiboView.h */ = {isa = PBXFileReference; fileEncoding = 4; lastKnownFileType = sourcecode.c.h; path = WeiboView.h; sourceTree = "<group>"; };
		184F931F16AF8095009359AB /* WeiboView.m */ = {isa = PBXFileReference; fileEncoding = 4; lastKnownFileType = sourcecode.c.objc; path = WeiboView.m; sourceTree = "<group>"; };
		188BEFBD16AD1968006A2602 /* WXWeibo.app */ = {isa = PBXFileReference; explicitFileType = wrapper.application; includeInIndex = 0; path = WXWeibo.app; sourceTree = BUILT_PRODUCTS_DIR; };
		188BEFC116AD1968006A2602 /* UIKit.framework */ = {isa = PBXFileReference; lastKnownFileType = wrapper.framework; name = UIKit.framework; path = System/Library/Frameworks/UIKit.framework; sourceTree = SDKROOT; };
		188BEFC316AD1968006A2602 /* Foundation.framework */ = {isa = PBXFileReference; lastKnownFileType = wrapper.framework; name = Foundation.framework; path = System/Library/Frameworks/Foundation.framework; sourceTree = SDKROOT; };
		188BEFC516AD1968006A2602 /* CoreGraphics.framework */ = {isa = PBXFileReference; lastKnownFileType = wrapper.framework; name = CoreGraphics.framework; path = System/Library/Frameworks/CoreGraphics.framework; sourceTree = SDKROOT; };
		188BEFC916AD1968006A2602 /* WXWeibo-Info.plist */ = {isa = PBXFileReference; lastKnownFileType = text.plist.xml; path = "WXWeibo-Info.plist"; sourceTree = "<group>"; };
		188BEFCB16AD1968006A2602 /* en */ = {isa = PBXFileReference; lastKnownFileType = text.plist.strings; name = en; path = en.lproj/InfoPlist.strings; sourceTree = "<group>"; };
		188BEFCD16AD1968006A2602 /* main.m */ = {isa = PBXFileReference; lastKnownFileType = sourcecode.c.objc; path = main.m; sourceTree = "<group>"; };
		188BEFCF16AD1968006A2602 /* WXWeibo-Prefix.pch */ = {isa = PBXFileReference; lastKnownFileType = sourcecode.c.h; path = "WXWeibo-Prefix.pch"; sourceTree = "<group>"; };
		188BEFD016AD1968006A2602 /* AppDelegate.h */ = {isa = PBXFileReference; lastKnownFileType = sourcecode.c.h; path = AppDelegate.h; sourceTree = "<group>"; };
		188BEFD116AD1968006A2602 /* AppDelegate.m */ = {isa = PBXFileReference; lastKnownFileType = sourcecode.c.objc; path = AppDelegate.m; sourceTree = "<group>"; };
		188BEFD316AD1968006A2602 /* Default.png */ = {isa = PBXFileReference; lastKnownFileType = image.png; path = Default.png; sourceTree = "<group>"; };
		188BEFD516AD1968006A2602 /* Default@2x.png */ = {isa = PBXFileReference; lastKnownFileType = image.png; path = "Default@2x.png"; sourceTree = "<group>"; };
		188BEFD716AD1969006A2602 /* Default-568h@2x.png */ = {isa = PBXFileReference; lastKnownFileType = image.png; path = "Default-568h@2x.png"; sourceTree = "<group>"; };
		188BEFDF16AD19BE006A2602 /* UIViewExt.h */ = {isa = PBXFileReference; fileEncoding = 4; lastKnownFileType = sourcecode.c.h; path = UIViewExt.h; sourceTree = "<group>"; };
		188BEFE016AD19BE006A2602 /* UIViewExt.m */ = {isa = PBXFileReference; fileEncoding = 4; lastKnownFileType = sourcecode.c.objc; path = UIViewExt.m; sourceTree = "<group>"; };
		188BEFE216AD1A0B006A2602 /* UIUtils.h */ = {isa = PBXFileReference; fileEncoding = 4; lastKnownFileType = sourcecode.c.h; path = UIUtils.h; sourceTree = "<group>"; };
		188BEFE316AD1A0B006A2602 /* UIUtils.m */ = {isa = PBXFileReference; fileEncoding = 4; lastKnownFileType = sourcecode.c.objc; path = UIUtils.m; sourceTree = "<group>"; };
		188BEFE616AD1A61006A2602 /* WXBaseModel.h */ = {isa = PBXFileReference; fileEncoding = 4; lastKnownFileType = sourcecode.c.h; path = WXBaseModel.h; sourceTree = "<group>"; };
		188BEFE716AD1A61006A2602 /* WXBaseModel.m */ = {isa = PBXFileReference; fileEncoding = 4; lastKnownFileType = sourcecode.c.objc; path = WXBaseModel.m; sourceTree = "<group>"; };
		188BEFE916AD1A78006A2602 /* WXHLGlobalUICommon.h */ = {isa = PBXFileReference; fileEncoding = 4; lastKnownFileType = sourcecode.c.h; path = WXHLGlobalUICommon.h; sourceTree = "<group>"; };
		188BEFEA16AD1A78006A2602 /* WXHLGlobalUICommon.m */ = {isa = PBXFileReference; fileEncoding = 4; lastKnownFileType = sourcecode.c.objc; path = WXHLGlobalUICommon.m; sourceTree = "<group>"; };
		188BF00216AD1B7F006A2602 /* SDImageCache.h */ = {isa = PBXFileReference; fileEncoding = 4; lastKnownFileType = sourcecode.c.h; path = SDImageCache.h; sourceTree = "<group>"; };
		188BF00316AD1B80006A2602 /* SDImageCache.m */ = {isa = PBXFileReference; fileEncoding = 4; lastKnownFileType = sourcecode.c.objc; path = SDImageCache.m; sourceTree = "<group>"; };
		188BF00416AD1B80006A2602 /* SDImageCacheDelegate.h */ = {isa = PBXFileReference; fileEncoding = 4; lastKnownFileType = sourcecode.c.h; path = SDImageCacheDelegate.h; sourceTree = "<group>"; };
		188BF00516AD1B80006A2602 /* SDWebImageCompat.h */ = {isa = PBXFileReference; fileEncoding = 4; lastKnownFileType = sourcecode.c.h; path = SDWebImageCompat.h; sourceTree = "<group>"; };
		188BF00616AD1B80006A2602 /* SDWebImageDownloader.h */ = {isa = PBXFileReference; fileEncoding = 4; lastKnownFileType = sourcecode.c.h; path = SDWebImageDownloader.h; sourceTree = "<group>"; };
		188BF00716AD1B80006A2602 /* SDWebImageDownloader.m */ = {isa = PBXFileReference; fileEncoding = 4; lastKnownFileType = sourcecode.c.objc; path = SDWebImageDownloader.m; sourceTree = "<group>"; };
		188BF00816AD1B80006A2602 /* SDWebImageDownloaderDelegate.h */ = {isa = PBXFileReference; fileEncoding = 4; lastKnownFileType = sourcecode.c.h; path = SDWebImageDownloaderDelegate.h; sourceTree = "<group>"; };
		188BF00916AD1B80006A2602 /* SDWebImageManager.h */ = {isa = PBXFileReference; fileEncoding = 4; lastKnownFileType = sourcecode.c.h; path = SDWebImageManager.h; sourceTree = "<group>"; };
		188BF00A16AD1B80006A2602 /* SDWebImageManager.m */ = {isa = PBXFileReference; fileEncoding = 4; lastKnownFileType = sourcecode.c.objc; path = SDWebImageManager.m; sourceTree = "<group>"; };
		188BF00B16AD1B80006A2602 /* SDWebImageManagerDelegate.h */ = {isa = PBXFileReference; fileEncoding = 4; lastKnownFileType = sourcecode.c.h; path = SDWebImageManagerDelegate.h; sourceTree = "<group>"; };
		188BF00C16AD1B80006A2602 /* UIImageView+WebCache.h */ = {isa = PBXFileReference; fileEncoding = 4; lastKnownFileType = sourcecode.c.h; path = "UIImageView+WebCache.h"; sourceTree = "<group>"; };
		188BF00D16AD1B80006A2602 /* UIImageView+WebCache.m */ = {isa = PBXFileReference; fileEncoding = 4; lastKnownFileType = sourcecode.c.objc; path = "UIImageView+WebCache.m"; sourceTree = "<group>"; };
		188BF01316AD1BE6006A2602 /* RTLabel.h */ = {isa = PBXFileReference; fileEncoding = 4; lastKnownFileType = sourcecode.c.h; path = RTLabel.h; sourceTree = "<group>"; };
		188BF01416AD1BE6006A2602 /* RTLabel.m */ = {isa = PBXFileReference; fileEncoding = 4; lastKnownFileType = sourcecode.c.objc; path = RTLabel.m; sourceTree = "<group>"; };
		188BF01716AD1C0F006A2602 /* DDMenuController.h */ = {isa = PBXFileReference; fileEncoding = 4; lastKnownFileType = sourcecode.c.h; path = DDMenuController.h; sourceTree = "<group>"; };
		188BF01816AD1C0F006A2602 /* DDMenuController.m */ = {isa = PBXFileReference; fileEncoding = 4; lastKnownFileType = sourcecode.c.objc; path = DDMenuController.m; sourceTree = "<group>"; };
		188BF01A16AD1C3A006A2602 /* CustomCatagory.h */ = {isa = PBXFileReference; fileEncoding = 4; lastKnownFileType = sourcecode.c.h; path = CustomCatagory.h; sourceTree = "<group>"; };
		188BF01B16AD1C3A006A2602 /* CustomCatagory.m */ = {isa = PBXFileReference; fileEncoding = 4; lastKnownFileType = sourcecode.c.objc; path = CustomCatagory.m; sourceTree = "<group>"; };
		188BF01D16AD1CDC006A2602 /* QuartzCore.framework */ = {isa = PBXFileReference; lastKnownFileType = wrapper.framework; name = QuartzCore.framework; path = System/Library/Frameworks/QuartzCore.framework; sourceTree = SDKROOT; };
		188BF01F16AD1D5E006A2602 /* CoreText.framework */ = {isa = PBXFileReference; lastKnownFileType = wrapper.framework; name = CoreText.framework; path = System/Library/Frameworks/CoreText.framework; sourceTree = SDKROOT; };
		188BF02116AD1F1D006A2602 /* MainViewController.h */ = {isa = PBXFileReference; fileEncoding = 4; lastKnownFileType = sourcecode.c.h; path = MainViewController.h; sourceTree = "<group>"; };
		188BF02216AD1F1D006A2602 /* MainViewController.m */ = {isa = PBXFileReference; fileEncoding = 4; lastKnownFileType = sourcecode.c.objc; path = MainViewController.m; sourceTree = "<group>"; };
		188BF02516AD1FAC006A2602 /* BaseViewController.h */ = {isa = PBXFileReference; fileEncoding = 4; lastKnownFileType = sourcecode.c.h; path = BaseViewController.h; sourceTree = "<group>"; };
		188BF02616AD1FAC006A2602 /* BaseViewController.m */ = {isa = PBXFileReference; fileEncoding = 4; lastKnownFileType = sourcecode.c.objc; path = BaseViewController.m; sourceTree = "<group>"; };
		188BF02816AD2013006A2602 /* BaseNavigationController.h */ = {isa = PBXFileReference; fileEncoding = 4; lastKnownFileType = sourcecode.c.h; path = BaseNavigationController.h; sourceTree = "<group>"; };
		188BF02916AD2013006A2602 /* BaseNavigationController.m */ = {isa = PBXFileReference; fileEncoding = 4; lastKnownFileType = sourcecode.c.objc; path = BaseNavigationController.m; sourceTree = "<group>"; };
		188BF03016AD215A006A2602 /* HomeViewController.h */ = {isa = PBXFileReference; fileEncoding = 4; lastKnownFileType = sourcecode.c.h; path = HomeViewController.h; sourceTree = "<group>"; };
		188BF03116AD215A006A2602 /* HomeViewController.m */ = {isa = PBXFileReference; fileEncoding = 4; lastKnownFileType = sourcecode.c.objc; path = HomeViewController.m; sourceTree = "<group>"; };
		188BF03216AD215A006A2602 /* HomeViewController.xib */ = {isa = PBXFileReference; fileEncoding = 4; lastKnownFileType = file.xib; path = HomeViewController.xib; sourceTree = "<group>"; };
		188BF03516AD21CF006A2602 /* MessageViewController.h */ = {isa = PBXFileReference; fileEncoding = 4; lastKnownFileType = sourcecode.c.h; path = MessageViewController.h; sourceTree = "<group>"; };
		188BF03616AD21CF006A2602 /* MessageViewController.m */ = {isa = PBXFileReference; fileEncoding = 4; lastKnownFileType = sourcecode.c.objc; path = MessageViewController.m; sourceTree = "<group>"; };
		188BF03716AD21CF006A2602 /* MessageViewController.xib */ = {isa = PBXFileReference; fileEncoding = 4; lastKnownFileType = file.xib; path = MessageViewController.xib; sourceTree = "<group>"; };
		188BF03A16AD21FE006A2602 /* ProfileViewController.h */ = {isa = PBXFileReference; fileEncoding = 4; lastKnownFileType = sourcecode.c.h; path = ProfileViewController.h; sourceTree = "<group>"; };
		188BF03B16AD21FE006A2602 /* ProfileViewController.m */ = {isa = PBXFileReference; fileEncoding = 4; lastKnownFileType = sourcecode.c.objc; path = ProfileViewController.m; sourceTree = "<group>"; };
		188BF03C16AD21FE006A2602 /* ProfileViewController.xib */ = {isa = PBXFileReference; fileEncoding = 4; lastKnownFileType = file.xib; path = ProfileViewController.xib; sourceTree = "<group>"; };
		188BF03F16AD224C006A2602 /* DiscoverViewController.h */ = {isa = PBXFileReference; fileEncoding = 4; lastKnownFileType = sourcecode.c.h; path = DiscoverViewController.h; sourceTree = "<group>"; };
		188BF04016AD224C006A2602 /* DiscoverViewController.m */ = {isa = PBXFileReference; fileEncoding = 4; lastKnownFileType = sourcecode.c.objc; path = DiscoverViewController.m; sourceTree = "<group>"; };
		188BF04116AD224C006A2602 /* DiscoverViewController.xib */ = {isa = PBXFileReference; fileEncoding = 4; lastKnownFileType = file.xib; path = DiscoverViewController.xib; sourceTree = "<group>"; };
		188BF04416AD2268006A2602 /* MoreViewController.h */ = {isa = PBXFileReference; fileEncoding = 4; lastKnownFileType = sourcecode.c.h; path = MoreViewController.h; sourceTree = "<group>"; };
		188BF04516AD2268006A2602 /* MoreViewController.m */ = {isa = PBXFileReference; fileEncoding = 4; lastKnownFileType = sourcecode.c.objc; path = MoreViewController.m; sourceTree = "<group>"; };
		188BF04616AD2268006A2602 /* MoreViewController.xib */ = {isa = PBXFileReference; fileEncoding = 4; lastKnownFileType = file.xib; path = MoreViewController.xib; sourceTree = "<group>"; };
		188BF04A16AD2673006A2602 /* Default-568h@2x.png */ = {isa = PBXFileReference; lastKnownFileType = image.png; path = "Default-568h@2x.png"; sourceTree = "<group>"; };
		188BF04B16AD2673006A2602 /* Default.png */ = {isa = PBXFileReference; lastKnownFileType = image.png; path = Default.png; sourceTree = "<group>"; };
		188BF04C16AD2673006A2602 /* Default@2x.png */ = {isa = PBXFileReference; lastKnownFileType = image.png; path = "Default@2x.png"; sourceTree = "<group>"; };
		188BF04D16AD2673006A2602 /* discover_default.png */ = {isa = PBXFileReference; lastKnownFileType = image.png; path = discover_default.png; sourceTree = "<group>"; };
		188BF04E16AD2673006A2602 /* discover_default@2x.png */ = {isa = PBXFileReference; lastKnownFileType = image.png; path = "discover_default@2x.png"; sourceTree = "<group>"; };
		188BF04F16AD2673006A2602 /* Icon.png */ = {isa = PBXFileReference; lastKnownFileType = image.png; path = Icon.png; sourceTree = "<group>"; };
		188BF05016AD2673006A2602 /* Icon@2x.png */ = {isa = PBXFileReference; lastKnownFileType = image.png; path = "Icon@2x.png"; sourceTree = "<group>"; };
		188BF05116AD2673006A2602 /* icon_detail.png */ = {isa = PBXFileReference; lastKnownFileType = image.png; path = icon_detail.png; sourceTree = "<group>"; };
		188BF05216AD2673006A2602 /* icon_detail@2x.png */ = {isa = PBXFileReference; lastKnownFileType = image.png; path = "icon_detail@2x.png"; sourceTree = "<group>"; };
		188BF05316AD2673006A2602 /* main_badge.png */ = {isa = PBXFileReference; lastKnownFileType = image.png; path = main_badge.png; sourceTree = "<group>"; };
		188BF05416AD2673006A2602 /* main_badge@2x.png */ = {isa = PBXFileReference; lastKnownFileType = image.png; path = "main_badge@2x.png"; sourceTree = "<group>"; };
		188BF05516AD2673006A2602 /* msgcome.wav */ = {isa = PBXFileReference; lastKnownFileType = audio.wav; path = msgcome.wav; sourceTree = "<group>"; };
		188BF05616AD2673006A2602 /* navigationbar_background.png */ = {isa = PBXFileReference; lastKnownFileType = image.png; path = navigationbar_background.png; sourceTree = "<group>"; };
		188BF05716AD2673006A2602 /* navigationbar_background@2x.png */ = {isa = PBXFileReference; lastKnownFileType = image.png; path = "navigationbar_background@2x.png"; sourceTree = "<group>"; };
		188BF05816AD2673006A2602 /* page_image_loading.png */ = {isa = PBXFileReference; lastKnownFileType = image.png; path = page_image_loading.png; sourceTree = "<group>"; };
		188BF05916AD2673006A2602 /* page_image_loading@2x.png */ = {isa = PBXFileReference; lastKnownFileType = image.png; path = "page_image_loading@2x.png"; sourceTree = "<group>"; };
		188BF05A16AD2673006A2602 /* prlm_pull_refresh_arrow.png */ = {isa = PBXFileReference; lastKnownFileType = image.png; path = prlm_pull_refresh_arrow.png; sourceTree = "<group>"; };
		188BF05B16AD2673006A2602 /* prlm_pull_refresh_arrow@2x.png */ = {isa = PBXFileReference; lastKnownFileType = image.png; path = "prlm_pull_refresh_arrow@2x.png"; sourceTree = "<group>"; };
		188BF05C16AD2673006A2602 /* statusdetail_cell_sepatator.png */ = {isa = PBXFileReference; lastKnownFileType = image.png; path = statusdetail_cell_sepatator.png; sourceTree = "<group>"; };
		188BF05D16AD2673006A2602 /* statusdetail_cell_sepatator@2x.png */ = {isa = PBXFileReference; lastKnownFileType = image.png; path = "statusdetail_cell_sepatator@2x.png"; sourceTree = "<group>"; };
		188BF05E16AD2673006A2602 /* statusdetail_header_separator.png */ = {isa = PBXFileReference; lastKnownFileType = image.png; path = statusdetail_header_separator.png; sourceTree = "<group>"; };
		188BF05F16AD2673006A2602 /* statusdetail_header_separator@2x.png */ = {isa = PBXFileReference; lastKnownFileType = image.png; path = "statusdetail_header_separator@2x.png"; sourceTree = "<group>"; };
		188BF06016AD2673006A2602 /* tabbar_home.png */ = {isa = PBXFileReference; lastKnownFileType = image.png; path = tabbar_home.png; sourceTree = "<group>"; };
		188BF06116AD2673006A2602 /* tabbar_home@2x.png */ = {isa = PBXFileReference; lastKnownFileType = image.png; path = "tabbar_home@2x.png"; sourceTree = "<group>"; };
		188BF06216AD2673006A2602 /* tabbar_home_highlighted.png */ = {isa = PBXFileReference; lastKnownFileType = image.png; path = tabbar_home_highlighted.png; sourceTree = "<group>"; };
		188BF06316AD2673006A2602 /* tabbar_home_highlighted@2x.png */ = {isa = PBXFileReference; lastKnownFileType = image.png; path = "tabbar_home_highlighted@2x.png"; sourceTree = "<group>"; };
		188BF06416AD2673006A2602 /* tabbar_home_selected.png */ = {isa = PBXFileReference; lastKnownFileType = image.png; path = tabbar_home_selected.png; sourceTree = "<group>"; };
		188BF06516AD2673006A2602 /* tabbar_home_selected@2x.png */ = {isa = PBXFileReference; lastKnownFileType = image.png; path = "tabbar_home_selected@2x.png"; sourceTree = "<group>"; };
		188BF06616AD2673006A2602 /* tabbar_message_center.png */ = {isa = PBXFileReference; lastKnownFileType = image.png; path = tabbar_message_center.png; sourceTree = "<group>"; };
		188BF06716AD2673006A2602 /* tabbar_message_center@2x.png */ = {isa = PBXFileReference; lastKnownFileType = image.png; path = "tabbar_message_center@2x.png"; sourceTree = "<group>"; };
		188BF06816AD2673006A2602 /* tabbar_message_center_highlighted.png */ = {isa = PBXFileReference; lastKnownFileType = image.png; path = tabbar_message_center_highlighted.png; sourceTree = "<group>"; };
		188BF06916AD2673006A2602 /* tabbar_message_center_highlighted@2x.png */ = {isa = PBXFileReference; lastKnownFileType = image.png; path = "tabbar_message_center_highlighted@2x.png"; sourceTree = "<group>"; };
		188BF06A16AD2673006A2602 /* tabbar_message_center_selected.png */ = {isa = PBXFileReference; lastKnownFileType = image.png; path = tabbar_message_center_selected.png; sourceTree = "<group>"; };
		188BF06B16AD2673006A2602 /* tabbar_message_center_selected@2x.png */ = {isa = PBXFileReference; lastKnownFileType = image.png; path = "tabbar_message_center_selected@2x.png"; sourceTree = "<group>"; };
		188BF06C16AD2673006A2602 /* tabbar_more.png */ = {isa = PBXFileReference; lastKnownFileType = image.png; path = tabbar_more.png; sourceTree = "<group>"; };
		188BF06D16AD2673006A2602 /* tabbar_more@2x.png */ = {isa = PBXFileReference; lastKnownFileType = image.png; path = "tabbar_more@2x.png"; sourceTree = "<group>"; };
		188BF06E16AD2673006A2602 /* tabbar_more_highlighted.png */ = {isa = PBXFileReference; lastKnownFileType = image.png; path = tabbar_more_highlighted.png; sourceTree = "<group>"; };
		188BF06F16AD2673006A2602 /* tabbar_more_highlighted@2x.png */ = {isa = PBXFileReference; lastKnownFileType = image.png; path = "tabbar_more_highlighted@2x.png"; sourceTree = "<group>"; };
		188BF07016AD2673006A2602 /* tabbar_more_selected.png */ = {isa = PBXFileReference; lastKnownFileType = image.png; path = tabbar_more_selected.png; sourceTree = "<group>"; };
		188BF07116AD2673006A2602 /* tabbar_more_selected@2x.png */ = {isa = PBXFileReference; lastKnownFileType = image.png; path = "tabbar_more_selected@2x.png"; sourceTree = "<group>"; };
		188BF07216AD2673006A2602 /* tabbar_profile.png */ = {isa = PBXFileReference; lastKnownFileType = image.png; path = tabbar_profile.png; sourceTree = "<group>"; };
		188BF07316AD2673006A2602 /* tabbar_profile@2x.png */ = {isa = PBXFileReference; lastKnownFileType = image.png; path = "tabbar_profile@2x.png"; sourceTree = "<group>"; };
		188BF07416AD2673006A2602 /* tabbar_profile_highlighted.png */ = {isa = PBXFileReference; lastKnownFileType = image.png; path = tabbar_profile_highlighted.png; sourceTree = "<group>"; };
		188BF07516AD2673006A2602 /* tabbar_profile_highlighted@2x.png */ = {isa = PBXFileReference; lastKnownFileType = image.png; path = "tabbar_profile_highlighted@2x.png"; sourceTree = "<group>"; };
		188BF07616AD2673006A2602 /* tabbar_profile_selected.png */ = {isa = PBXFileReference; lastKnownFileType = image.png; path = tabbar_profile_selected.png; sourceTree = "<group>"; };
		188BF07716AD2673006A2602 /* tabbar_profile_selected@2x.png */ = {isa = PBXFileReference; lastKnownFileType = image.png; path = "tabbar_profile_selected@2x.png"; sourceTree = "<group>"; };
		188BF07A16AD2673006A2602 /* tableview_pulltorefresh_arrow.png */ = {isa = PBXFileReference; lastKnownFileType = image.png; path = tableview_pulltorefresh_arrow.png; sourceTree = "<group>"; };
		188BF07B16AD2673006A2602 /* tableview_pulltorefresh_arrow@2x.png */ = {isa = PBXFileReference; lastKnownFileType = image.png; path = "tableview_pulltorefresh_arrow@2x.png"; sourceTree = "<group>"; };
		188BF07C16AD2673006A2602 /* timeline_more_button.png */ = {isa = PBXFileReference; lastKnownFileType = image.png; path = timeline_more_button.png; sourceTree = "<group>"; };
		188BF07D16AD2673006A2602 /* timeline_more_button@2x.png */ = {isa = PBXFileReference; lastKnownFileType = image.png; path = "timeline_more_button@2x.png"; sourceTree = "<group>"; };
		188BF07E16AD2673006A2602 /* timeline_more_button_selected.png */ = {isa = PBXFileReference; lastKnownFileType = image.png; path = timeline_more_button_selected.png; sourceTree = "<group>"; };
		188BF07F16AD2673006A2602 /* timeline_more_button_selected@2x.png */ = {isa = PBXFileReference; lastKnownFileType = image.png; path = "timeline_more_button_selected@2x.png"; sourceTree = "<group>"; };
		188BF08016AD2673006A2602 /* timeline_retweet_background.png */ = {isa = PBXFileReference; lastKnownFileType = image.png; path = timeline_retweet_background.png; sourceTree = "<group>"; };
		188BF08116AD2673006A2602 /* timeline_retweet_background@2x.png */ = {isa = PBXFileReference; lastKnownFileType = image.png; path = "timeline_retweet_background@2x.png"; sourceTree = "<group>"; };
		188BF08216AD2673006A2602 /* userinfo_apps_background.png */ = {isa = PBXFileReference; lastKnownFileType = image.png; path = userinfo_apps_background.png; sourceTree = "<group>"; };
		188BF08316AD2673006A2602 /* userinfo_apps_background@2x.png */ = {isa = PBXFileReference; lastKnownFileType = image.png; path = "userinfo_apps_background@2x.png"; sourceTree = "<group>"; };
		188BF08416AD2673006A2602 /* userinfo_apps_background_highlighted.png */ = {isa = PBXFileReference; lastKnownFileType = image.png; path = userinfo_apps_background_highlighted.png; sourceTree = "<group>"; };
		188BF08516AD2673006A2602 /* userinfo_apps_background_highlighted@2x.png */ = {isa = PBXFileReference; lastKnownFileType = image.png; path = "userinfo_apps_background_highlighted@2x.png"; sourceTree = "<group>"; };
		188BF08616AD2673006A2602 /* userinfo_header_separator.png */ = {isa = PBXFileReference; lastKnownFileType = image.png; path = userinfo_header_separator.png; sourceTree = "<group>"; };
		188BF08716AD2673006A2602 /* userinfo_header_separator@2x.png */ = {isa = PBXFileReference; lastKnownFileType = image.png; path = "userinfo_header_separator@2x.png"; sourceTree = "<group>"; };
		188BF08816AD2673006A2602 /* 刷新.png */ = {isa = PBXFileReference; lastKnownFileType = image.png; path = "刷新.png"; sourceTree = "<group>"; };
		188BF08916AD2673006A2602 /* 前进.png */ = {isa = PBXFileReference; lastKnownFileType = image.png; path = "前进.png"; sourceTree = "<group>"; };
		188BF08A16AD2673006A2602 /* 后退.png */ = {isa = PBXFileReference; lastKnownFileType = image.png; path = "后退.png"; sourceTree = "<group>"; };
		188BF0CC16AD2ABD006A2602 /* tabbar_discover_highlighted.png */ = {isa = PBXFileReference; lastKnownFileType = image.png; path = tabbar_discover_highlighted.png; sourceTree = "<group>"; };
		188BF0CD16AD2ABE006A2602 /* tabbar_discover_highlighted@2x.png */ = {isa = PBXFileReference; lastKnownFileType = image.png; path = "tabbar_discover_highlighted@2x.png"; sourceTree = "<group>"; };
		188BF0CE16AD2ABF006A2602 /* tabbar_discover_selected.png */ = {isa = PBXFileReference; lastKnownFileType = image.png; path = tabbar_discover_selected.png; sourceTree = "<group>"; };
		188BF0CF16AD2AC0006A2602 /* tabbar_discover_selected@2x.png */ = {isa = PBXFileReference; lastKnownFileType = image.png; path = "tabbar_discover_selected@2x.png"; sourceTree = "<group>"; };
		188BF0D016AD2AC0006A2602 /* tabbar_discover.png */ = {isa = PBXFileReference; lastKnownFileType = image.png; path = tabbar_discover.png; sourceTree = "<group>"; };
		188BF0D116AD2AC2006A2602 /* tabbar_discover@2x.png */ = {isa = PBXFileReference; lastKnownFileType = image.png; path = "tabbar_discover@2x.png"; sourceTree = "<group>"; };
		188BF0D816AD2D5E006A2602 /* tabbar_background.png */ = {isa = PBXFileReference; lastKnownFileType = image.png; path = tabbar_background.png; sourceTree = "<group>"; };
		188BF0D916AD2D5F006A2602 /* tabbar_background@2x.png */ = {isa = PBXFileReference; lastKnownFileType = image.png; path = "tabbar_background@2x.png"; sourceTree = "<group>"; };
		188BF0DC16AD3375006A2602 /* LeftViewController.h */ = {isa = PBXFileReference; fileEncoding = 4; lastKnownFileType = sourcecode.c.h; path = LeftViewController.h; sourceTree = "<group>"; };
		188BF0DD16AD3375006A2602 /* LeftViewController.m */ = {isa = PBXFileReference; fileEncoding = 4; lastKnownFileType = sourcecode.c.objc; path = LeftViewController.m; sourceTree = "<group>"; };
		188BF0DE16AD3375006A2602 /* LeftViewController.xib */ = {isa = PBXFileReference; fileEncoding = 4; lastKnownFileType = file.xib; path = LeftViewController.xib; sourceTree = "<group>"; };
		188BF0E116AD338D006A2602 /* RightViewController.h */ = {isa = PBXFileReference; fileEncoding = 4; lastKnownFileType = sourcecode.c.h; path = RightViewController.h; sourceTree = "<group>"; };
		188BF0E216AD338D006A2602 /* RightViewController.m */ = {isa = PBXFileReference; fileEncoding = 4; lastKnownFileType = sourcecode.c.objc; path = RightViewController.m; sourceTree = "<group>"; };
		188BF0E316AD338D006A2602 /* RightViewController.xib */ = {isa = PBXFileReference; fileEncoding = 4; lastKnownFileType = file.xib; path = RightViewController.xib; sourceTree = "<group>"; };
		188BF0EC16AD3CB3006A2602 /* JSONKit.h */ = {isa = PBXFileReference; fileEncoding = 4; lastKnownFileType = sourcecode.c.h; path = JSONKit.h; sourceTree = "<group>"; };
		188BF0ED16AD3CB3006A2602 /* JSONKit.m */ = {isa = PBXFileReference; fileEncoding = 4; lastKnownFileType = sourcecode.c.objc; path = JSONKit.m; sourceTree = "<group>"; };
		188BF0EF16AD3CB3006A2602 /* SinaWeibo.bundle */ = {isa = PBXFileReference; lastKnownFileType = "wrapper.plug-in"; path = SinaWeibo.bundle; sourceTree = "<group>"; };
		188BF0F016AD3CB3006A2602 /* SinaWeibo.h */ = {isa = PBXFileReference; fileEncoding = 4; lastKnownFileType = sourcecode.c.h; path = SinaWeibo.h; sourceTree = "<group>"; };
		188BF0F116AD3CB3006A2602 /* SinaWeibo.m */ = {isa = PBXFileReference; fileEncoding = 4; lastKnownFileType = sourcecode.c.objc; path = SinaWeibo.m; sourceTree = "<group>"; };
		188BF0F216AD3CB3006A2602 /* SinaWeiboAuthorizeView.h */ = {isa = PBXFileReference; fileEncoding = 4; lastKnownFileType = sourcecode.c.h; path = SinaWeiboAuthorizeView.h; sourceTree = "<group>"; };
		188BF0F316AD3CB3006A2602 /* SinaWeiboAuthorizeView.m */ = {isa = PBXFileReference; fileEncoding = 4; lastKnownFileType = sourcecode.c.objc; path = SinaWeiboAuthorizeView.m; sourceTree = "<group>"; };
		188BF0F416AD3CB3006A2602 /* SinaWeiboConstants.h */ = {isa = PBXFileReference; fileEncoding = 4; lastKnownFileType = sourcecode.c.h; path = SinaWeiboConstants.h; sourceTree = "<group>"; };
		188BF0F516AD3CB3006A2602 /* SinaWeiboRequest.h */ = {isa = PBXFileReference; fileEncoding = 4; lastKnownFileType = sourcecode.c.h; path = SinaWeiboRequest.h; sourceTree = "<group>"; };
		188BF0F616AD3CB3006A2602 /* SinaWeiboRequest.m */ = {isa = PBXFileReference; fileEncoding = 4; lastKnownFileType = sourcecode.c.objc; path = SinaWeiboRequest.m; sourceTree = "<group>"; };
		188BF0FC16AD3D4A006A2602 /* CONSTS.h */ = {isa = PBXFileReference; fileEncoding = 4; lastKnownFileType = sourcecode.c.h; path = CONSTS.h; sourceTree = "<group>"; };
		C81377BC17519CD700A85FA7 /* BaseTableView.h */ = {isa = PBXFileReference; fileEncoding = 4; lastKnownFileType = sourcecode.c.h; path = BaseTableView.h; sourceTree = "<group>"; };
		C81377BD17519CD700A85FA7 /* BaseTableView.m */ = {isa = PBXFileReference; fileEncoding = 4; lastKnownFileType = sourcecode.c.objc; path = BaseTableView.m; sourceTree = "<group>"; };
		C81377C117519D4B00A85FA7 /* blackArrow.png */ = {isa = PBXFileReference; lastKnownFileType = image.png; path = blackArrow.png; sourceTree = "<group>"; };
		C81377C217519D4B00A85FA7 /* blackArrow@2x.png */ = {isa = PBXFileReference; lastKnownFileType = image.png; path = "blackArrow@2x.png"; sourceTree = "<group>"; };
		C81377C317519D4B00A85FA7 /* blueArrow.png */ = {isa = PBXFileReference; lastKnownFileType = image.png; path = blueArrow.png; sourceTree = "<group>"; };
		C81377C417519D4B00A85FA7 /* blueArrow@2x.png */ = {isa = PBXFileReference; lastKnownFileType = image.png; path = "blueArrow@2x.png"; sourceTree = "<group>"; };
		C81377C517519D4B00A85FA7 /* EGORefreshTableHeaderView.h */ = {isa = PBXFileReference; fileEncoding = 4; lastKnownFileType = sourcecode.c.h; path = EGORefreshTableHeaderView.h; sourceTree = "<group>"; };
		C81377C617519D4B00A85FA7 /* EGORefreshTableHeaderView.m */ = {isa = PBXFileReference; fileEncoding = 4; lastKnownFileType = sourcecode.c.objc; path = EGORefreshTableHeaderView.m; sourceTree = "<group>"; };
		C81377C717519D4B00A85FA7 /* grayArrow.png */ = {isa = PBXFileReference; lastKnownFileType = image.png; path = grayArrow.png; sourceTree = "<group>"; };
		C81377C817519D4B00A85FA7 /* grayArrow@2x.png */ = {isa = PBXFileReference; lastKnownFileType = image.png; path = "grayArrow@2x.png"; sourceTree = "<group>"; };
		C81A96B51754FC990016EBB9 /* AudioToolbox.framework */ = {isa = PBXFileReference; lastKnownFileType = wrapper.framework; name = AudioToolbox.framework; path = System/Library/Frameworks/AudioToolbox.framework; sourceTree = SDKROOT; };
		C83B33C6174FAD5800B61742 /* NSString+URLEncoding.h */ = {isa = PBXFileReference; fileEncoding = 4; lastKnownFileType = sourcecode.c.h; name = "NSString+URLEncoding.h"; path = "../NSString+URLEncoding.h"; sourceTree = "<group>"; };
		C83B33C7174FAD5800B61742 /* NSString+URLEncoding.m */ = {isa = PBXFileReference; fileEncoding = 4; lastKnownFileType = sourcecode.c.objc; name = "NSString+URLEncoding.m"; path = "../NSString+URLEncoding.m"; sourceTree = "<group>"; };
		C864B7F91751A2B600E3DD1D /* WeiboTableView.h */ = {isa = PBXFileReference; fileEncoding = 4; lastKnownFileType = sourcecode.c.h; path = WeiboTableView.h; sourceTree = "<group>"; };
		C864B7FA1751A2B600E3DD1D /* WeiboTableView.m */ = {isa = PBXFileReference; fileEncoding = 4; lastKnownFileType = sourcecode.c.objc; path = WeiboTableView.m; sourceTree = "<group>"; };
		C8AC089F174F7B4C009D49FF /* libicucore.dylib */ = {isa = PBXFileReference; lastKnownFileType = "compiled.mach-o.dylib"; name = libicucore.dylib; path = usr/lib/libicucore.dylib; sourceTree = SDKROOT; };
		C8AC08A3174F7B7E009D49FF /* RegexKitLite.h */ = {isa = PBXFileReference; fileEncoding = 4; lastKnownFileType = sourcecode.c.h; path = RegexKitLite.h; sourceTree = "<group>"; };
		C8AC08A4174F7B7E009D49FF /* RegexKitLite.html */ = {isa = PBXFileReference; fileEncoding = 4; lastKnownFileType = text.html; path = RegexKitLite.html; sourceTree = "<group>"; };
		C8AC08A5174F7B7E009D49FF /* RegexKitLite.m */ = {isa = PBXFileReference; fileEncoding = 4; lastKnownFileType = sourcecode.c.objc; path = RegexKitLite.m; sourceTree = "<group>"; };
/* End PBXFileReference section */

/* Begin PBXFrameworksBuildPhase section */
		188BEFBA16AD1968006A2602 /* Frameworks */ = {
			isa = PBXFrameworksBuildPhase;
			buildActionMask = 2147483647;
			files = (
				C81A96B61754FC990016EBB9 /* AudioToolbox.framework in Frameworks */,
				C8AC08A0174F7B4C009D49FF /* libicucore.dylib in Frameworks */,
				188BF02016AD1D5E006A2602 /* CoreText.framework in Frameworks */,
				188BF01E16AD1CDC006A2602 /* QuartzCore.framework in Frameworks */,
				188BEFC216AD1968006A2602 /* UIKit.framework in Frameworks */,
				188BEFC416AD1968006A2602 /* Foundation.framework in Frameworks */,
				188BEFC616AD1968006A2602 /* CoreGraphics.framework in Frameworks */,
			);
			runOnlyForDeploymentPostprocessing = 0;
		};
/* End PBXFrameworksBuildPhase section */

/* Begin PBXGroup section */
		18100C1216AE27290093D3D4 /* ThemeManager */ = {
			isa = PBXGroup;
			children = (
				18100C1316AE27520093D3D4 /* ThemeManager.h */,
				18100C1416AE27520093D3D4 /* ThemeManager.m */,
				18100C1616AE27790093D3D4 /* theme.plist */,
				18100C2016AE43A30093D3D4 /* UIFactory.h */,
				18100C2116AE43A30093D3D4 /* UIFactory.m */,
				18100C1816AE2EE80093D3D4 /* ThemeButton.h */,
				18100C1916AE2EE80093D3D4 /* ThemeButton.m */,
				18100C2B16AE6CD80093D3D4 /* ThemeImageView.h */,
				18100C2C16AE6CD80093D3D4 /* ThemeImageView.m */,
				18100C3016AE77990093D3D4 /* ThemeLabel.h */,
				18100C3116AE77990093D3D4 /* ThemeLabel.m */,
			);
			name = ThemeManager;
			sourceTree = "<group>";
		};
		188BEFB216AD1968006A2602 = {
			isa = PBXGroup;
			children = (
				188BEFC716AD1968006A2602 /* WXWeibo */,
				188BEFC016AD1968006A2602 /* Frameworks */,
				188BEFBE16AD1968006A2602 /* Products */,
			);
			sourceTree = "<group>";
		};
		188BEFBE16AD1968006A2602 /* Products */ = {
			isa = PBXGroup;
			children = (
				188BEFBD16AD1968006A2602 /* WXWeibo.app */,
			);
			name = Products;
			sourceTree = "<group>";
		};
		188BEFC016AD1968006A2602 /* Frameworks */ = {
			isa = PBXGroup;
			children = (
				C81A96B51754FC990016EBB9 /* AudioToolbox.framework */,
				C8AC089F174F7B4C009D49FF /* libicucore.dylib */,
				188BF01F16AD1D5E006A2602 /* CoreText.framework */,
				188BF01D16AD1CDC006A2602 /* QuartzCore.framework */,
				188BEFC116AD1968006A2602 /* UIKit.framework */,
				188BEFC316AD1968006A2602 /* Foundation.framework */,
				188BEFC516AD1968006A2602 /* CoreGraphics.framework */,
			);
			name = Frameworks;
			sourceTree = "<group>";
		};
		188BEFC716AD1968006A2602 /* WXWeibo */ = {
			isa = PBXGroup;
			children = (
				188BEFD016AD1968006A2602 /* AppDelegate.h */,
				188BEFD116AD1968006A2602 /* AppDelegate.m */,
				188BF02116AD1F1D006A2602 /* MainViewController.h */,
				188BF02216AD1F1D006A2602 /* MainViewController.m */,
				188BF02B16AD20CE006A2602 /* Home */,
				188BF02C16AD20DB006A2602 /* Message */,
				188BF02D16AD20F5006A2602 /* Profile */,
				188BF02E16AD210E006A2602 /* Discover */,
				188BF02F16AD211E006A2602 /* More */,
				188BF02416AD1F73006A2602 /* BaseView */,
				188BEFE516AD1A50006A2602 /* Models */,
				188BEFC816AD1968006A2602 /* Supporting Files */,
			);
			path = WXWeibo;
			sourceTree = "<group>";
		};
		188BEFC816AD1968006A2602 /* Supporting Files */ = {
			isa = PBXGroup;
			children = (
				18100C1216AE27290093D3D4 /* ThemeManager */,
				188BF00016AD1B7F006A2602 /* openSource */,
				188BF04916AD2673006A2602 /* image */,
				18100C0F16AE26640093D3D4 /* Skins */,
				188BEFDE16AD19AD006A2602 /* Uitils */,
				188BEFC916AD1968006A2602 /* WXWeibo-Info.plist */,
				188BEFCA16AD1968006A2602 /* InfoPlist.strings */,
				188BEFCD16AD1968006A2602 /* main.m */,
				188BEFCF16AD1968006A2602 /* WXWeibo-Prefix.pch */,
				188BEFD316AD1968006A2602 /* Default.png */,
				188BEFD516AD1968006A2602 /* Default@2x.png */,
				188BEFD716AD1969006A2602 /* Default-568h@2x.png */,
			);
			name = "Supporting Files";
			sourceTree = "<group>";
		};
		188BEFDE16AD19AD006A2602 /* Uitils */ = {
			isa = PBXGroup;
			children = (
				188BEFDF16AD19BE006A2602 /* UIViewExt.h */,
				188BEFE016AD19BE006A2602 /* UIViewExt.m */,
				188BEFE216AD1A0B006A2602 /* UIUtils.h */,
				188BEFE316AD1A0B006A2602 /* UIUtils.m */,
				188BEFE916AD1A78006A2602 /* WXHLGlobalUICommon.h */,
				188BEFEA16AD1A78006A2602 /* WXHLGlobalUICommon.m */,
				188BF01A16AD1C3A006A2602 /* CustomCatagory.h */,
				188BF01B16AD1C3A006A2602 /* CustomCatagory.m */,
				188BF0FC16AD3D4A006A2602 /* CONSTS.h */,
			);
			name = Uitils;
			sourceTree = "<group>";
		};
		188BEFE516AD1A50006A2602 /* Models */ = {
			isa = PBXGroup;
			children = (
				188BEFE616AD1A61006A2602 /* WXBaseModel.h */,
				188BEFE716AD1A61006A2602 /* WXBaseModel.m */,
				18100C3516AE8D240093D3D4 /* WeiboModel.h */,
				18100C3616AE8D240093D3D4 /* WeiboModel.m */,
				18100C3816AE8F850093D3D4 /* UserModel.h */,
				18100C3916AE8F850093D3D4 /* UserModel.m */,
			);
			name = Models;
			sourceTree = "<group>";
		};
		188BF00016AD1B7F006A2602 /* openSource */ = {
			isa = PBXGroup;
			children = (
				C83B33C6174FAD5800B61742 /* NSString+URLEncoding.h */,
				C83B33C7174FAD5800B61742 /* NSString+URLEncoding.m */,
				C81377C017519D4B00A85FA7 /* EGOTableViewPullRefresh */,
				C8AC08A2174F7B7E009D49FF /* RegexKitLite */,
				188BF0EA16AD3CB3006A2602 /* sinaweibo_ios_sdk */,
				188BF01616AD1C0F006A2602 /* DDMenu */,
				188BF01216AD1BE6006A2602 /* FontLabel */,
				188BF00116AD1B7F006A2602 /* SDWebImage */,
			);
			path = openSource;
			sourceTree = "<group>";
		};
		188BF00116AD1B7F006A2602 /* SDWebImage */ = {
			isa = PBXGroup;
			children = (
				188BF00216AD1B7F006A2602 /* SDImageCache.h */,
				188BF00316AD1B80006A2602 /* SDImageCache.m */,
				188BF00416AD1B80006A2602 /* SDImageCacheDelegate.h */,
				188BF00516AD1B80006A2602 /* SDWebImageCompat.h */,
				188BF00616AD1B80006A2602 /* SDWebImageDownloader.h */,
				188BF00716AD1B80006A2602 /* SDWebImageDownloader.m */,
				188BF00816AD1B80006A2602 /* SDWebImageDownloaderDelegate.h */,
				188BF00916AD1B80006A2602 /* SDWebImageManager.h */,
				188BF00A16AD1B80006A2602 /* SDWebImageManager.m */,
				188BF00B16AD1B80006A2602 /* SDWebImageManagerDelegate.h */,
				188BF00C16AD1B80006A2602 /* UIImageView+WebCache.h */,
				188BF00D16AD1B80006A2602 /* UIImageView+WebCache.m */,
			);
			path = SDWebImage;
			sourceTree = "<group>";
		};
		188BF01216AD1BE6006A2602 /* FontLabel */ = {
			isa = PBXGroup;
			children = (
				188BF01316AD1BE6006A2602 /* RTLabel.h */,
				188BF01416AD1BE6006A2602 /* RTLabel.m */,
			);
			path = FontLabel;
			sourceTree = "<group>";
		};
		188BF01616AD1C0F006A2602 /* DDMenu */ = {
			isa = PBXGroup;
			children = (
				188BF01716AD1C0F006A2602 /* DDMenuController.h */,
				188BF01816AD1C0F006A2602 /* DDMenuController.m */,
			);
			path = DDMenu;
			sourceTree = "<group>";
		};
		188BF02416AD1F73006A2602 /* BaseView */ = {
			isa = PBXGroup;
			children = (
				188BF02516AD1FAC006A2602 /* BaseViewController.h */,
				188BF02616AD1FAC006A2602 /* BaseViewController.m */,
				188BF02816AD2013006A2602 /* BaseNavigationController.h */,
				188BF02916AD2013006A2602 /* BaseNavigationController.m */,
				C81377BC17519CD700A85FA7 /* BaseTableView.h */,
				C81377BD17519CD700A85FA7 /* BaseTableView.m */,
			);
			name = BaseView;
			sourceTree = "<group>";
		};
		188BF02B16AD20CE006A2602 /* Home */ = {
			isa = PBXGroup;
			children = (
				188BF03016AD215A006A2602 /* HomeViewController.h */,
				188BF03116AD215A006A2602 /* HomeViewController.m */,
				188BF03216AD215A006A2602 /* HomeViewController.xib */,
				184F931A16AF807E009359AB /* WeiboCell.h */,
				184F931B16AF807E009359AB /* WeiboCell.m */,
				184F931E16AF8095009359AB /* WeiboView.h */,
				184F931F16AF8095009359AB /* WeiboView.m */,
				188BF0DC16AD3375006A2602 /* LeftViewController.h */,
				188BF0DD16AD3375006A2602 /* LeftViewController.m */,
				188BF0DE16AD3375006A2602 /* LeftViewController.xib */,
				188BF0E116AD338D006A2602 /* RightViewController.h */,
				188BF0E216AD338D006A2602 /* RightViewController.m */,
				188BF0E316AD338D006A2602 /* RightViewController.xib */,
				C864B7F91751A2B600E3DD1D /* WeiboTableView.h */,
				C864B7FA1751A2B600E3DD1D /* WeiboTableView.m */,
			);
			name = Home;
			sourceTree = "<group>";
		};
		188BF02C16AD20DB006A2602 /* Message */ = {
			isa = PBXGroup;
			children = (
				188BF03516AD21CF006A2602 /* MessageViewController.h */,
				188BF03616AD21CF006A2602 /* MessageViewController.m */,
				188BF03716AD21CF006A2602 /* MessageViewController.xib */,
			);
			name = Message;
			sourceTree = "<group>";
		};
		188BF02D16AD20F5006A2602 /* Profile */ = {
			isa = PBXGroup;
			children = (
				188BF03A16AD21FE006A2602 /* ProfileViewController.h */,
				188BF03B16AD21FE006A2602 /* ProfileViewController.m */,
				188BF03C16AD21FE006A2602 /* ProfileViewController.xib */,
			);
			name = Profile;
			sourceTree = "<group>";
		};
		188BF02E16AD210E006A2602 /* Discover */ = {
			isa = PBXGroup;
			children = (
				188BF03F16AD224C006A2602 /* DiscoverViewController.h */,
				188BF04016AD224C006A2602 /* DiscoverViewController.m */,
				188BF04116AD224C006A2602 /* DiscoverViewController.xib */,
			);
			name = Discover;
			sourceTree = "<group>";
		};
		188BF02F16AD211E006A2602 /* More */ = {
			isa = PBXGroup;
			children = (
				188BF04416AD2268006A2602 /* MoreViewController.h */,
				188BF04516AD2268006A2602 /* MoreViewController.m */,
				188BF04616AD2268006A2602 /* MoreViewController.xib */,
				18100C1B16AE3BBE0093D3D4 /* ThemeViewController.h */,
				18100C1C16AE3BBE0093D3D4 /* ThemeViewController.m */,
				18100C1D16AE3BBE0093D3D4 /* ThemeViewController.xib */,
			);
			name = More;
			sourceTree = "<group>";
		};
		188BF04916AD2673006A2602 /* image */ = {
			isa = PBXGroup;
			children = (
				18100C3316AE84C70093D3D4 /* fontColor.plist */,
				188BF04A16AD2673006A2602 /* Default-568h@2x.png */,
				188BF04B16AD2673006A2602 /* Default.png */,
				188BF04C16AD2673006A2602 /* Default@2x.png */,
				188BF04D16AD2673006A2602 /* discover_default.png */,
				188BF04E16AD2673006A2602 /* discover_default@2x.png */,
				188BF04F16AD2673006A2602 /* Icon.png */,
				188BF05016AD2673006A2602 /* Icon@2x.png */,
				188BF05116AD2673006A2602 /* icon_detail.png */,
				188BF05216AD2673006A2602 /* icon_detail@2x.png */,
				188BF05316AD2673006A2602 /* main_badge.png */,
				188BF05416AD2673006A2602 /* main_badge@2x.png */,
				188BF05516AD2673006A2602 /* msgcome.wav */,
				18100C2316AE684C0093D3D4 /* navigationbar_back.png */,
				18100C2416AE684C0093D3D4 /* navigationbar_back@2x.png */,
				18100C2716AE694B0093D3D4 /* navigationbar_back_highlighted.png */,
				18100C2816AE694B0093D3D4 /* navigationbar_back_highlighted@2x.png */,
				188BF05616AD2673006A2602 /* navigationbar_background.png */,
				188BF05716AD2673006A2602 /* navigationbar_background@2x.png */,
				188BF05816AD2673006A2602 /* page_image_loading.png */,
				188BF05916AD2673006A2602 /* page_image_loading@2x.png */,
				188BF05A16AD2673006A2602 /* prlm_pull_refresh_arrow.png */,
				188BF05B16AD2673006A2602 /* prlm_pull_refresh_arrow@2x.png */,
				188BF05C16AD2673006A2602 /* statusdetail_cell_sepatator.png */,
				188BF05D16AD2673006A2602 /* statusdetail_cell_sepatator@2x.png */,
				188BF05E16AD2673006A2602 /* statusdetail_header_separator.png */,
				188BF05F16AD2673006A2602 /* statusdetail_header_separator@2x.png */,
				188BF0D816AD2D5E006A2602 /* tabbar_background.png */,
				188BF0D916AD2D5F006A2602 /* tabbar_background@2x.png */,
				188BF06016AD2673006A2602 /* tabbar_home.png */,
				188BF06116AD2673006A2602 /* tabbar_home@2x.png */,
				188BF06216AD2673006A2602 /* tabbar_home_highlighted.png */,
				188BF06316AD2673006A2602 /* tabbar_home_highlighted@2x.png */,
				188BF06416AD2673006A2602 /* tabbar_home_selected.png */,
				188BF06516AD2673006A2602 /* tabbar_home_selected@2x.png */,
				188BF06616AD2673006A2602 /* tabbar_message_center.png */,
				188BF06716AD2673006A2602 /* tabbar_message_center@2x.png */,
				188BF06816AD2673006A2602 /* tabbar_message_center_highlighted.png */,
				188BF06916AD2673006A2602 /* tabbar_message_center_highlighted@2x.png */,
				188BF06A16AD2673006A2602 /* tabbar_message_center_selected.png */,
				188BF06B16AD2673006A2602 /* tabbar_message_center_selected@2x.png */,
				188BF06C16AD2673006A2602 /* tabbar_more.png */,
				188BF06D16AD2673006A2602 /* tabbar_more@2x.png */,
				188BF06E16AD2673006A2602 /* tabbar_more_highlighted.png */,
				188BF06F16AD2673006A2602 /* tabbar_more_highlighted@2x.png */,
				188BF07016AD2673006A2602 /* tabbar_more_selected.png */,
				188BF07116AD2673006A2602 /* tabbar_more_selected@2x.png */,
				188BF07216AD2673006A2602 /* tabbar_profile.png */,
				188BF07316AD2673006A2602 /* tabbar_profile@2x.png */,
				188BF07416AD2673006A2602 /* tabbar_profile_highlighted.png */,
				188BF07516AD2673006A2602 /* tabbar_profile_highlighted@2x.png */,
				188BF07616AD2673006A2602 /* tabbar_profile_selected.png */,
				188BF07716AD2673006A2602 /* tabbar_profile_selected@2x.png */,
				188BF0CC16AD2ABD006A2602 /* tabbar_discover_highlighted.png */,
				188BF0CD16AD2ABE006A2602 /* tabbar_discover_highlighted@2x.png */,
				188BF0CE16AD2ABF006A2602 /* tabbar_discover_selected.png */,
				188BF0CF16AD2AC0006A2602 /* tabbar_discover_selected@2x.png */,
				188BF0D016AD2AC0006A2602 /* tabbar_discover.png */,
				188BF0D116AD2AC2006A2602 /* tabbar_discover@2x.png */,
				188BF07A16AD2673006A2602 /* tableview_pulltorefresh_arrow.png */,
				188BF07B16AD2673006A2602 /* tableview_pulltorefresh_arrow@2x.png */,
				18100C4016AEA3A90093D3D4 /* timeline_new_status_background@2x.png */,
				18100C4116AEA3AA0093D3D4 /* timeline_new_status_background.png */,
				188BF07C16AD2673006A2602 /* timeline_more_button.png */,
				188BF07D16AD2673006A2602 /* timeline_more_button@2x.png */,
				188BF07E16AD2673006A2602 /* timeline_more_button_selected.png */,
				188BF07F16AD2673006A2602 /* timeline_more_button_selected@2x.png */,
				188BF08016AD2673006A2602 /* timeline_retweet_background.png */,
				188BF08116AD2673006A2602 /* timeline_retweet_background@2x.png */,
				188BF08216AD2673006A2602 /* userinfo_apps_background.png */,
				188BF08316AD2673006A2602 /* userinfo_apps_background@2x.png */,
				188BF08416AD2673006A2602 /* userinfo_apps_background_highlighted.png */,
				188BF08516AD2673006A2602 /* userinfo_apps_background_highlighted@2x.png */,
				188BF08616AD2673006A2602 /* userinfo_header_separator.png */,
				188BF08716AD2673006A2602 /* userinfo_header_separator@2x.png */,
				188BF08816AD2673006A2602 /* 刷新.png */,
				188BF08916AD2673006A2602 /* 前进.png */,
				188BF08A16AD2673006A2602 /* 后退.png */,
			);
			path = image;
			sourceTree = "<group>";
		};
		188BF0EA16AD3CB3006A2602 /* sinaweibo_ios_sdk */ = {
			isa = PBXGroup;
			children = (
				188BF0EB16AD3CB3006A2602 /* JSONKit */,
				188BF0EE16AD3CB3006A2602 /* SinaWeibo */,
			);
			path = sinaweibo_ios_sdk;
			sourceTree = "<group>";
		};
		188BF0EB16AD3CB3006A2602 /* JSONKit */ = {
			isa = PBXGroup;
			children = (
				188BF0EC16AD3CB3006A2602 /* JSONKit.h */,
				188BF0ED16AD3CB3006A2602 /* JSONKit.m */,
			);
			path = JSONKit;
			sourceTree = "<group>";
		};
		188BF0EE16AD3CB3006A2602 /* SinaWeibo */ = {
			isa = PBXGroup;
			children = (
				188BF0EF16AD3CB3006A2602 /* SinaWeibo.bundle */,
				188BF0F016AD3CB3006A2602 /* SinaWeibo.h */,
				188BF0F116AD3CB3006A2602 /* SinaWeibo.m */,
				188BF0F216AD3CB3006A2602 /* SinaWeiboAuthorizeView.h */,
				188BF0F316AD3CB3006A2602 /* SinaWeiboAuthorizeView.m */,
				188BF0F416AD3CB3006A2602 /* SinaWeiboConstants.h */,
				188BF0F516AD3CB3006A2602 /* SinaWeiboRequest.h */,
				188BF0F616AD3CB3006A2602 /* SinaWeiboRequest.m */,
			);
			path = SinaWeibo;
			sourceTree = "<group>";
		};
		C81377C017519D4B00A85FA7 /* EGOTableViewPullRefresh */ = {
			isa = PBXGroup;
			children = (
				C81377C117519D4B00A85FA7 /* blackArrow.png */,
				C81377C217519D4B00A85FA7 /* blackArrow@2x.png */,
				C81377C317519D4B00A85FA7 /* blueArrow.png */,
				C81377C417519D4B00A85FA7 /* blueArrow@2x.png */,
				C81377C517519D4B00A85FA7 /* EGORefreshTableHeaderView.h */,
				C81377C617519D4B00A85FA7 /* EGORefreshTableHeaderView.m */,
				C81377C717519D4B00A85FA7 /* grayArrow.png */,
				C81377C817519D4B00A85FA7 /* grayArrow@2x.png */,
			);
			path = EGOTableViewPullRefresh;
			sourceTree = "<group>";
		};
		C8AC08A2174F7B7E009D49FF /* RegexKitLite */ = {
			isa = PBXGroup;
			children = (
				C8AC08A3174F7B7E009D49FF /* RegexKitLite.h */,
				C8AC08A4174F7B7E009D49FF /* RegexKitLite.html */,
				C8AC08A5174F7B7E009D49FF /* RegexKitLite.m */,
			);
			path = RegexKitLite;
			sourceTree = "<group>";
		};
/* End PBXGroup section */

/* Begin PBXNativeTarget section */
		188BEFBC16AD1968006A2602 /* WXWeibo */ = {
			isa = PBXNativeTarget;
			buildConfigurationList = 188BEFDB16AD1969006A2602 /* Build configuration list for PBXNativeTarget "WXWeibo" */;
			buildPhases = (
				188BEFB916AD1968006A2602 /* Sources */,
				188BEFBA16AD1968006A2602 /* Frameworks */,
				188BEFBB16AD1968006A2602 /* Resources */,
			);
			buildRules = (
			);
			dependencies = (
			);
			name = WXWeibo;
			productName = WXWeibo;
			productReference = 188BEFBD16AD1968006A2602 /* WXWeibo.app */;
			productType = "com.apple.product-type.application";
		};
/* End PBXNativeTarget section */

/* Begin PBXProject section */
		188BEFB416AD1968006A2602 /* Project object */ = {
			isa = PBXProject;
			attributes = {
				LastUpgradeCheck = 0450;
				ORGANIZATIONNAME = "www.iphonetrain.com 无限互联3G学院";
			};
			buildConfigurationList = 188BEFB716AD1968006A2602 /* Build configuration list for PBXProject "WXWeibo" */;
			compatibilityVersion = "Xcode 3.2";
			developmentRegion = English;
			hasScannedForEncodings = 0;
			knownRegions = (
				en,
			);
			mainGroup = 188BEFB216AD1968006A2602;
			productRefGroup = 188BEFBE16AD1968006A2602 /* Products */;
			projectDirPath = "";
			projectRoot = "";
			targets = (
				188BEFBC16AD1968006A2602 /* WXWeibo */,
			);
		};
/* End PBXProject section */

/* Begin PBXResourcesBuildPhase section */
		188BEFBB16AD1968006A2602 /* Resources */ = {
			isa = PBXResourcesBuildPhase;
			buildActionMask = 2147483647;
			files = (
				188BEFCC16AD1968006A2602 /* InfoPlist.strings in Resources */,
				188BEFD416AD1968006A2602 /* Default.png in Resources */,
				188BEFD616AD1968006A2602 /* Default@2x.png in Resources */,
				188BEFD816AD1969006A2602 /* Default-568h@2x.png in Resources */,
				188BF03416AD215A006A2602 /* HomeViewController.xib in Resources */,
				188BF03916AD21CF006A2602 /* MessageViewController.xib in Resources */,
				188BF03E16AD21FE006A2602 /* ProfileViewController.xib in Resources */,
				188BF04316AD224C006A2602 /* DiscoverViewController.xib in Resources */,
				188BF04816AD2268006A2602 /* MoreViewController.xib in Resources */,
				188BF08B16AD2673006A2602 /* Default-568h@2x.png in Resources */,
				188BF08C16AD2673006A2602 /* Default.png in Resources */,
				188BF08D16AD2673006A2602 /* Default@2x.png in Resources */,
				188BF08E16AD2673006A2602 /* discover_default.png in Resources */,
				188BF08F16AD2673006A2602 /* discover_default@2x.png in Resources */,
				188BF09016AD2673006A2602 /* Icon.png in Resources */,
				188BF09116AD2673006A2602 /* Icon@2x.png in Resources */,
				188BF09216AD2673006A2602 /* icon_detail.png in Resources */,
				188BF09316AD2673006A2602 /* icon_detail@2x.png in Resources */,
				188BF09416AD2673006A2602 /* main_badge.png in Resources */,
				188BF09516AD2673006A2602 /* main_badge@2x.png in Resources */,
				188BF09616AD2673006A2602 /* msgcome.wav in Resources */,
				188BF09716AD2673006A2602 /* navigationbar_background.png in Resources */,
				188BF09816AD2673006A2602 /* navigationbar_background@2x.png in Resources */,
				188BF09916AD2673006A2602 /* page_image_loading.png in Resources */,
				188BF09A16AD2673006A2602 /* page_image_loading@2x.png in Resources */,
				188BF09B16AD2673006A2602 /* prlm_pull_refresh_arrow.png in Resources */,
				188BF09C16AD2673006A2602 /* prlm_pull_refresh_arrow@2x.png in Resources */,
				188BF09D16AD2673006A2602 /* statusdetail_cell_sepatator.png in Resources */,
				188BF09E16AD2673006A2602 /* statusdetail_cell_sepatator@2x.png in Resources */,
				188BF09F16AD2673006A2602 /* statusdetail_header_separator.png in Resources */,
				188BF0A016AD2673006A2602 /* statusdetail_header_separator@2x.png in Resources */,
				188BF0A116AD2673006A2602 /* tabbar_home.png in Resources */,
				188BF0A216AD2673006A2602 /* tabbar_home@2x.png in Resources */,
				188BF0A316AD2673006A2602 /* tabbar_home_highlighted.png in Resources */,
				188BF0A416AD2673006A2602 /* tabbar_home_highlighted@2x.png in Resources */,
				188BF0A516AD2673006A2602 /* tabbar_home_selected.png in Resources */,
				188BF0A616AD2673006A2602 /* tabbar_home_selected@2x.png in Resources */,
				188BF0A716AD2673006A2602 /* tabbar_message_center.png in Resources */,
				188BF0A816AD2673006A2602 /* tabbar_message_center@2x.png in Resources */,
				188BF0A916AD2673006A2602 /* tabbar_message_center_highlighted.png in Resources */,
				188BF0AA16AD2673006A2602 /* tabbar_message_center_highlighted@2x.png in Resources */,
				188BF0AB16AD2673006A2602 /* tabbar_message_center_selected.png in Resources */,
				188BF0AC16AD2673006A2602 /* tabbar_message_center_selected@2x.png in Resources */,
				188BF0AD16AD2673006A2602 /* tabbar_more.png in Resources */,
				188BF0AE16AD2673006A2602 /* tabbar_more@2x.png in Resources */,
				188BF0AF16AD2673006A2602 /* tabbar_more_highlighted.png in Resources */,
				188BF0B016AD2673006A2602 /* tabbar_more_highlighted@2x.png in Resources */,
				188BF0B116AD2673006A2602 /* tabbar_more_selected.png in Resources */,
				188BF0B216AD2673006A2602 /* tabbar_more_selected@2x.png in Resources */,
				188BF0B316AD2673006A2602 /* tabbar_profile.png in Resources */,
				188BF0B416AD2673006A2602 /* tabbar_profile@2x.png in Resources */,
				188BF0B516AD2673006A2602 /* tabbar_profile_highlighted.png in Resources */,
				188BF0B616AD2673006A2602 /* tabbar_profile_highlighted@2x.png in Resources */,
				188BF0B716AD2673006A2602 /* tabbar_profile_selected.png in Resources */,
				188BF0B816AD2673006A2602 /* tabbar_profile_selected@2x.png in Resources */,
				188BF0BB16AD2673006A2602 /* tableview_pulltorefresh_arrow.png in Resources */,
				188BF0BC16AD2673006A2602 /* tableview_pulltorefresh_arrow@2x.png in Resources */,
				188BF0BD16AD2673006A2602 /* timeline_more_button.png in Resources */,
				188BF0BE16AD2673006A2602 /* timeline_more_button@2x.png in Resources */,
				188BF0BF16AD2673006A2602 /* timeline_more_button_selected.png in Resources */,
				188BF0C016AD2673006A2602 /* timeline_more_button_selected@2x.png in Resources */,
				188BF0C116AD2673006A2602 /* timeline_retweet_background.png in Resources */,
				188BF0C216AD2673006A2602 /* timeline_retweet_background@2x.png in Resources */,
				188BF0C316AD2673006A2602 /* userinfo_apps_background.png in Resources */,
				188BF0C416AD2673006A2602 /* userinfo_apps_background@2x.png in Resources */,
				188BF0C516AD2673006A2602 /* userinfo_apps_background_highlighted.png in Resources */,
				188BF0C616AD2673006A2602 /* userinfo_apps_background_highlighted@2x.png in Resources */,
				188BF0C716AD2673006A2602 /* userinfo_header_separator.png in Resources */,
				188BF0C816AD2673006A2602 /* userinfo_header_separator@2x.png in Resources */,
				188BF0C916AD2673006A2602 /* 刷新.png in Resources */,
				188BF0CA16AD2673006A2602 /* 前进.png in Resources */,
				188BF0CB16AD2673006A2602 /* 后退.png in Resources */,
				188BF0D216AD2AC3006A2602 /* tabbar_discover_highlighted.png in Resources */,
				188BF0D316AD2AC3006A2602 /* tabbar_discover_highlighted@2x.png in Resources */,
				188BF0D416AD2AC3006A2602 /* tabbar_discover_selected.png in Resources */,
				188BF0D516AD2AC3006A2602 /* tabbar_discover_selected@2x.png in Resources */,
				188BF0D616AD2AC3006A2602 /* tabbar_discover.png in Resources */,
				188BF0D716AD2AC3006A2602 /* tabbar_discover@2x.png in Resources */,
				188BF0DA16AD2D60006A2602 /* tabbar_background.png in Resources */,
				188BF0DB16AD2D60006A2602 /* tabbar_background@2x.png in Resources */,
				188BF0E016AD3375006A2602 /* LeftViewController.xib in Resources */,
				188BF0E516AD338D006A2602 /* RightViewController.xib in Resources */,
				188BF0F816AD3CB3006A2602 /* SinaWeibo.bundle in Resources */,
				18100C1016AE26640093D3D4 /* Skins in Resources */,
				18100C1716AE27790093D3D4 /* theme.plist in Resources */,
				18100C1F16AE3BBE0093D3D4 /* ThemeViewController.xib in Resources */,
				18100C2516AE684C0093D3D4 /* navigationbar_back.png in Resources */,
				18100C2616AE684C0093D3D4 /* navigationbar_back@2x.png in Resources */,
				18100C2916AE694C0093D3D4 /* navigationbar_back_highlighted.png in Resources */,
				18100C2A16AE694C0093D3D4 /* navigationbar_back_highlighted@2x.png in Resources */,
				18100C3416AE84C80093D3D4 /* fontColor.plist in Resources */,
				18100C4216AEA3AA0093D3D4 /* timeline_new_status_background@2x.png in Resources */,
				18100C4316AEA3AA0093D3D4 /* timeline_new_status_background.png in Resources */,
				C8AC08A6174F7B7E009D49FF /* RegexKitLite.html in Resources */,
				C81377C917519D4B00A85FA7 /* blackArrow.png in Resources */,
				C81377CA17519D4B00A85FA7 /* blackArrow@2x.png in Resources */,
				C81377CB17519D4B00A85FA7 /* blueArrow.png in Resources */,
				C81377CC17519D4B00A85FA7 /* blueArrow@2x.png in Resources */,
				C81377CE17519D4B00A85FA7 /* grayArrow.png in Resources */,
				C81377CF17519D4B00A85FA7 /* grayArrow@2x.png in Resources */,
			);
			runOnlyForDeploymentPostprocessing = 0;
		};
/* End PBXResourcesBuildPhase section */

/* Begin PBXSourcesBuildPhase section */
		188BEFB916AD1968006A2602 /* Sources */ = {
			isa = PBXSourcesBuildPhase;
			buildActionMask = 2147483647;
			files = (
				188BEFCE16AD1968006A2602 /* main.m in Sources */,
				188BEFD216AD1968006A2602 /* AppDelegate.m in Sources */,
				188BEFE116AD19BE006A2602 /* UIViewExt.m in Sources */,
				188BEFE416AD1A0B006A2602 /* UIUtils.m in Sources */,
				188BEFE816AD1A61006A2602 /* WXBaseModel.m in Sources */,
				188BEFEB16AD1A78006A2602 /* WXHLGlobalUICommon.m in Sources */,
				188BF00E16AD1B80006A2602 /* SDImageCache.m in Sources */,
				188BF00F16AD1B80006A2602 /* SDWebImageDownloader.m in Sources */,
				188BF01016AD1B80006A2602 /* SDWebImageManager.m in Sources */,
				188BF01116AD1B80006A2602 /* UIImageView+WebCache.m in Sources */,
				188BF01516AD1BE6006A2602 /* RTLabel.m in Sources */,
				188BF01916AD1C0F006A2602 /* DDMenuController.m in Sources */,
				188BF01C16AD1C3A006A2602 /* CustomCatagory.m in Sources */,
				188BF02316AD1F1D006A2602 /* MainViewController.m in Sources */,
				188BF02716AD1FAC006A2602 /* BaseViewController.m in Sources */,
				188BF02A16AD2013006A2602 /* BaseNavigationController.m in Sources */,
				188BF03316AD215A006A2602 /* HomeViewController.m in Sources */,
				188BF03816AD21CF006A2602 /* MessageViewController.m in Sources */,
				188BF03D16AD21FE006A2602 /* ProfileViewController.m in Sources */,
				188BF04216AD224C006A2602 /* DiscoverViewController.m in Sources */,
				188BF04716AD2268006A2602 /* MoreViewController.m in Sources */,
				188BF0DF16AD3375006A2602 /* LeftViewController.m in Sources */,
				188BF0E416AD338D006A2602 /* RightViewController.m in Sources */,
				188BF0F716AD3CB3006A2602 /* JSONKit.m in Sources */,
				188BF0F916AD3CB3006A2602 /* SinaWeibo.m in Sources */,
				188BF0FA16AD3CB3006A2602 /* SinaWeiboAuthorizeView.m in Sources */,
				188BF0FB16AD3CB3006A2602 /* SinaWeiboRequest.m in Sources */,
				18100C1516AE27520093D3D4 /* ThemeManager.m in Sources */,
				18100C1A16AE2EE80093D3D4 /* ThemeButton.m in Sources */,
				18100C1E16AE3BBE0093D3D4 /* ThemeViewController.m in Sources */,
				18100C2216AE43A30093D3D4 /* UIFactory.m in Sources */,
				18100C2D16AE6CD90093D3D4 /* ThemeImageView.m in Sources */,
				18100C3216AE779A0093D3D4 /* ThemeLabel.m in Sources */,
				18100C3716AE8D240093D3D4 /* WeiboModel.m in Sources */,
				18100C3A16AE8F850093D3D4 /* UserModel.m in Sources */,
				184F931C16AF807E009359AB /* WeiboCell.m in Sources */,
				184F932016AF8095009359AB /* WeiboView.m in Sources */,
				C8AC08A7174F7B7E009D49FF /* RegexKitLite.m in Sources */,
				C83B33C8174FAD5800B61742 /* NSString+URLEncoding.m in Sources */,
				C81377BE17519CD700A85FA7 /* BaseTableView.m in Sources */,
				C81377CD17519D4B00A85FA7 /* EGORefreshTableHeaderView.m in Sources */,
				C864B7FB1751A2B600E3DD1D /* WeiboTableView.m in Sources */,
			);
			runOnlyForDeploymentPostprocessing = 0;
		};
/* End PBXSourcesBuildPhase section */

/* Begin PBXVariantGroup section */
		188BEFCA16AD1968006A2602 /* InfoPlist.strings */ = {
			isa = PBXVariantGroup;
			children = (
				188BEFCB16AD1968006A2602 /* en */,
			);
			name = InfoPlist.strings;
			sourceTree = "<group>";
		};
/* End PBXVariantGroup section */

/* Begin XCBuildConfiguration section */
		188BEFD916AD1969006A2602 /* Debug */ = {
			isa = XCBuildConfiguration;
			buildSettings = {
				ALWAYS_SEARCH_USER_PATHS = NO;
				CLANG_CXX_LANGUAGE_STANDARD = "gnu++0x";
				CLANG_CXX_LIBRARY = "libc++";
				CLANG_WARN_EMPTY_BODY = YES;
				CLANG_WARN__DUPLICATE_METHOD_MATCH = YES;
				"CODE_SIGN_IDENTITY[sdk=iphoneos*]" = "iPhone Developer";
				COPY_PHASE_STRIP = NO;
				GCC_C_LANGUAGE_STANDARD = gnu99;
				GCC_DYNAMIC_NO_PIC = NO;
				GCC_OPTIMIZATION_LEVEL = 0;
				GCC_PREPROCESSOR_DEFINITIONS = (
					"DEBUG=1",
					"$(inherited)",
				);
				GCC_SYMBOLS_PRIVATE_EXTERN = NO;
				GCC_WARN_ABOUT_RETURN_TYPE = YES;
				GCC_WARN_UNINITIALIZED_AUTOS = YES;
				GCC_WARN_UNUSED_VARIABLE = YES;
				IPHONEOS_DEPLOYMENT_TARGET = 6.0;
				ONLY_ACTIVE_ARCH = YES;
				SDKROOT = iphoneos;
			};
			name = Debug;
		};
		188BEFDA16AD1969006A2602 /* Release */ = {
			isa = XCBuildConfiguration;
			buildSettings = {
				ALWAYS_SEARCH_USER_PATHS = NO;
				CLANG_CXX_LANGUAGE_STANDARD = "gnu++0x";
				CLANG_CXX_LIBRARY = "libc++";
				CLANG_WARN_EMPTY_BODY = YES;
				CLANG_WARN__DUPLICATE_METHOD_MATCH = YES;
				"CODE_SIGN_IDENTITY[sdk=iphoneos*]" = "iPhone Developer";
				COPY_PHASE_STRIP = YES;
				GCC_C_LANGUAGE_STANDARD = gnu99;
				GCC_WARN_ABOUT_RETURN_TYPE = YES;
				GCC_WARN_UNINITIALIZED_AUTOS = YES;
				GCC_WARN_UNUSED_VARIABLE = YES;
				IPHONEOS_DEPLOYMENT_TARGET = 6.0;
				OTHER_CFLAGS = "-DNS_BLOCK_ASSERTIONS=1";
				SDKROOT = iphoneos;
				VALIDATE_PRODUCT = YES;
			};
			name = Release;
		};
		188BEFDC16AD1969006A2602 /* Debug */ = {
			isa = XCBuildConfiguration;
			buildSettings = {
				GCC_PRECOMPILE_PREFIX_HEADER = YES;
				GCC_PREFIX_HEADER = "WXWeibo/WXWeibo-Prefix.pch";
				INFOPLIST_FILE = "WXWeibo/WXWeibo-Info.plist";
				PRODUCT_NAME = "$(TARGET_NAME)";
				WRAPPER_EXTENSION = app;
			};
			name = Debug;
		};
		188BEFDD16AD1969006A2602 /* Release */ = {
			isa = XCBuildConfiguration;
			buildSettings = {
				GCC_PRECOMPILE_PREFIX_HEADER = YES;
				GCC_PREFIX_HEADER = "WXWeibo/WXWeibo-Prefix.pch";
				INFOPLIST_FILE = "WXWeibo/WXWeibo-Info.plist";
				PRODUCT_NAME = "$(TARGET_NAME)";
				WRAPPER_EXTENSION = app;
			};
			name = Release;
		};
/* End XCBuildConfiguration section */

/* Begin XCConfigurationList section */
		188BEFB716AD1968006A2602 /* Build configuration list for PBXProject "WXWeibo" */ = {
			isa = XCConfigurationList;
			buildConfigurations = (
				188BEFD916AD1969006A2602 /* Debug */,
				188BEFDA16AD1969006A2602 /* Release */,
			);
			defaultConfigurationIsVisible = 0;
			defaultConfigurationName = Release;
		};
		188BEFDB16AD1969006A2602 /* Build configuration list for PBXNativeTarget "WXWeibo" */ = {
			isa = XCConfigurationList;
			buildConfigurations = (
				188BEFDC16AD1969006A2602 /* Debug */,
				188BEFDD16AD1969006A2602 /* Release */,
			);
			defaultConfigurationIsVisible = 0;
			defaultConfigurationName = Release;
		};
/* End XCConfigurationList section */
	};
	rootObject = 188BEFB416AD1968006A2602 /* Project object */;
}
